// !$*UTF8*$!
{
	archiveVersion = 1;
	classes = {
	};
	objectVersion = 50;
	objects = {

/* Begin PBXBuildFile section */
		4F054B5F218DCA9F00386FBC /* RTDView.swift in Sources */ = {isa = PBXBuildFile; fileRef = 4F054B5E218DCA9F00386FBC /* RTDView.swift */; };
		4F054B61218DCE1000386FBC /* RTDTableViewCell.swift in Sources */ = {isa = PBXBuildFile; fileRef = 4F054B60218DCE1000386FBC /* RTDTableViewCell.swift */; };
		4F054B65218DE1AC00386FBC /* SearchResultHeaderView.swift in Sources */ = {isa = PBXBuildFile; fileRef = 4F054B64218DE1AC00386FBC /* SearchResultHeaderView.swift */; };
		4F054B67218DE24500386FBC /* SearchResultHeaderView.xib in Resources */ = {isa = PBXBuildFile; fileRef = 4F054B66218DE24500386FBC /* SearchResultHeaderView.xib */; };
		4F054B6B2196ADE300386FBC /* UINavigationController+statusBarStyle.swift in Sources */ = {isa = PBXBuildFile; fileRef = 4F054B6A2196ADE300386FBC /* UINavigationController+statusBarStyle.swift */; };
		4F1189C8219870A100A4308C /* RhymerSettingsTest.swift in Sources */ = {isa = PBXBuildFile; fileRef = 4F1189C7219870A100A4308C /* RhymerSettingsTest.swift */; };
		4F15B04C217342560072C8BC /* Tts.swift in Sources */ = {isa = PBXBuildFile; fileRef = 4F15B04B217342560072C8BC /* Tts.swift */; };
		4F1C93CA218BA71600469CD5 /* Favorite.swift in Sources */ = {isa = PBXBuildFile; fileRef = 4F1C93C9218BA71600469CD5 /* Favorite.swift */; };
		4F1C93CC218BAADF00469CD5 /* FavoritesViewController.swift in Sources */ = {isa = PBXBuildFile; fileRef = 4F1C93CB218BAADF00469CD5 /* FavoritesViewController.swift */; };
		4F1C93CE218C5D7300469CD5 /* FavoriteDelegate.swift in Sources */ = {isa = PBXBuildFile; fileRef = 4F1C93CD218C5D7300469CD5 /* FavoriteDelegate.swift */; };
		4F1C93D0218C6C9300469CD5 /* CoreDataNotificationHelper.swift in Sources */ = {isa = PBXBuildFile; fileRef = 4F1C93CF218C6C9300469CD5 /* CoreDataNotificationHelper.swift */; };
		4F1C93D6218C94B200469CD5 /* FavoriteButtonHelper.swift in Sources */ = {isa = PBXBuildFile; fileRef = 4F1C93D5218C94B200469CD5 /* FavoriteButtonHelper.swift */; };
		4F1C93D8218CFAB400469CD5 /* FavoritesTest.swift in Sources */ = {isa = PBXBuildFile; fileRef = 4F1C93D7218CFAB400469CD5 /* FavoritesTest.swift */; };
		4F1C93DA218DC58E00469CD5 /* RTDView.xib in Resources */ = {isa = PBXBuildFile; fileRef = 4F1C93D9218DC58E00469CD5 /* RTDView.xib */; };
		4F2CE7DE21A994E700EB2AF3 /* WotdTest.swift in Sources */ = {isa = PBXBuildFile; fileRef = 4F2CE7DD21A994E700EB2AF3 /* WotdTest.swift */; };
		4F2CE80521AA980400EB2AF3 /* PoetAssistantLexiconsFramework.h in Headers */ = {isa = PBXBuildFile; fileRef = 4F2CE80321AA980400EB2AF3 /* PoetAssistantLexiconsFramework.h */; settings = {ATTRIBUTES = (Public, ); }; };
		4F2CE80821AA980400EB2AF3 /* PoetAssistantLexiconsFramework.framework in Frameworks */ = {isa = PBXBuildFile; fileRef = 4F2CE80121AA980400EB2AF3 /* PoetAssistantLexiconsFramework.framework */; };
		4F2CE80921AA980400EB2AF3 /* PoetAssistantLexiconsFramework.framework in Embed Frameworks */ = {isa = PBXBuildFile; fileRef = 4F2CE80121AA980400EB2AF3 /* PoetAssistantLexiconsFramework.framework */; settings = {ATTRIBUTES = (CodeSignOnCopy, RemoveHeadersOnCopy, ); }; };
		4F2CE81521AAA18600EB2AF3 /* CoreDataAccess.swift in Sources */ = {isa = PBXBuildFile; fileRef = 4F2CE81421AAA18600EB2AF3 /* CoreDataAccess.swift */; };
		4F2CE81621AAA21900EB2AF3 /* EmbeddedDb.swift in Sources */ = {isa = PBXBuildFile; fileRef = 4F66140021652F6C00FA10A1 /* EmbeddedDb.swift */; };
		4F2CE81721AAA43600EB2AF3 /* Random.swift in Sources */ = {isa = PBXBuildFile; fileRef = 4F2CE7D921A98D4100EB2AF3 /* Random.swift */; };
		4F2CE81821AAA43600EB2AF3 /* Wotd.swift in Sources */ = {isa = PBXBuildFile; fileRef = 4F2CE7DB21A98F8B00EB2AF3 /* Wotd.swift */; };
		4F2CE81921AAA43600EB2AF3 /* Dictionary.swift in Sources */ = {isa = PBXBuildFile; fileRef = 4F6614082165345200FA10A1 /* Dictionary.swift */; };
		4F2CE81A21AAA43600EB2AF3 /* DictionaryQueryResult.swift in Sources */ = {isa = PBXBuildFile; fileRef = 4FFB97F6216EA070000469F0 /* DictionaryQueryResult.swift */; };
		4F2CE81B21AAA4AE00EB2AF3 /* dictionaries.xcdatamodeld in Sources */ = {isa = PBXBuildFile; fileRef = 4F6613FA2165295400FA10A1 /* dictionaries.xcdatamodeld */; };
		4F2CE81C21AAA54600EB2AF3 /* PartOfSpeech.swift in Sources */ = {isa = PBXBuildFile; fileRef = 4FFB97F8216EA09E000469F0 /* PartOfSpeech.swift */; };
		4F2CE81D21AAA54600EB2AF3 /* Stems.swift in Sources */ = {isa = PBXBuildFile; fileRef = 4FEB03B52177B70E00CF8B49 /* Stems.swift */; };
		4F2CE82021AAA5D700EB2AF3 /* WordVariants.swift in Sources */ = {isa = PBXBuildFile; fileRef = 4F31973A2166C28700135FF4 /* WordVariants.swift */; };
		4F2CE82121AAA5D700EB2AF3 /* Thesaurus.swift in Sources */ = {isa = PBXBuildFile; fileRef = 4F3197442167129400135FF4 /* Thesaurus.swift */; };
		4F2CE82221AAA5F000EB2AF3 /* RhymeFetcher.swift in Sources */ = {isa = PBXBuildFile; fileRef = 4F31973C2166C79600135FF4 /* RhymeFetcher.swift */; };
		4F2CE82321AAA63100EB2AF3 /* PorterStemmer.swift in Sources */ = {isa = PBXBuildFile; fileRef = 4F3197522167D59A00135FF4 /* PorterStemmer.swift */; };
		4F2CE82421AAA64900EB2AF3 /* ThesaurusQueryResult.swift in Sources */ = {isa = PBXBuildFile; fileRef = 4FFBA615216D4EDF00AD3AD6 /* ThesaurusQueryResult.swift */; };
		4F2CE82521AAA67600EB2AF3 /* ThesaurusResultsFetcher.swift in Sources */ = {isa = PBXBuildFile; fileRef = 4F3197462167131200135FF4 /* ThesaurusResultsFetcher.swift */; };
		4F2CE82F21AADA8900EB2AF3 /* NotificationCenter.framework in Frameworks */ = {isa = PBXBuildFile; fileRef = 4F2CE82E21AADA8900EB2AF3 /* NotificationCenter.framework */; };
		4F2CE83221AADA8900EB2AF3 /* TodayViewController.swift in Sources */ = {isa = PBXBuildFile; fileRef = 4F2CE83121AADA8900EB2AF3 /* TodayViewController.swift */; };
		4F2CE83521AADA8900EB2AF3 /* MainInterface.storyboard in Resources */ = {isa = PBXBuildFile; fileRef = 4F2CE83321AADA8900EB2AF3 /* MainInterface.storyboard */; };
		4F2CE83921AADA8900EB2AF3 /* PoetAssistantTodayExtension.appex in Embed App Extensions */ = {isa = PBXBuildFile; fileRef = 4F2CE82D21AADA8900EB2AF3 /* PoetAssistantTodayExtension.appex */; settings = {ATTRIBUTES = (RemoveHeadersOnCopy, ); }; };
		4F2CE84221AB105600EB2AF3 /* Localization.swift in Sources */ = {isa = PBXBuildFile; fileRef = 4F2CE84121AB105600EB2AF3 /* Localization.swift */; };
		4F2CE84B21AB279D00EB2AF3 /* en.lproj in Resources */ = {isa = PBXBuildFile; fileRef = 4F2CE84A21AB279D00EB2AF3 /* en.lproj */; };
		4F2CE85221AB2A6A00EB2AF3 /* en.lproj in Resources */ = {isa = PBXBuildFile; fileRef = 4F2CE85121AB2A6A00EB2AF3 /* en.lproj */; };
		4F2CE85521AB39C600EB2AF3 /* WidgetData.swift in Sources */ = {isa = PBXBuildFile; fileRef = 4F2CE85421AB39C600EB2AF3 /* WidgetData.swift */; };
		4F2CE85721AB3D5800EB2AF3 /* WidgetDataRepository.swift in Sources */ = {isa = PBXBuildFile; fileRef = 4F2CE85621AB3D5800EB2AF3 /* WidgetDataRepository.swift */; };
		4F31972B2166587100135FF4 /* Tab.swift in Sources */ = {isa = PBXBuildFile; fileRef = 4F31972A2166587100135FF4 /* Tab.swift */; };
		4F31972F21666FCF00135FF4 /* Settings.swift in Sources */ = {isa = PBXBuildFile; fileRef = 4F31972E21666FCF00135FF4 /* Settings.swift */; };
		4F3197372166A4A500135FF4 /* SearchResultsController.swift in Sources */ = {isa = PBXBuildFile; fileRef = 4F3197362166A4A500135FF4 /* SearchResultsController.swift */; };
		4F31974B2167284800135FF4 /* ThesaurusRelationshipViewCell.swift in Sources */ = {isa = PBXBuildFile; fileRef = 4F31974A2167284800135FF4 /* ThesaurusRelationshipViewCell.swift */; };
		4F31974F21679CFD00135FF4 /* RTDDelegate.swift in Sources */ = {isa = PBXBuildFile; fileRef = 4F31974E21679CFD00135FF4 /* RTDDelegate.swift */; };
		4F3197512167A2D000135FF4 /* SectionInfo.swift in Sources */ = {isa = PBXBuildFile; fileRef = 4F3197502167A2D000135FF4 /* SectionInfo.swift */; };
		4F3197632167E4ED00135FF4 /* PorterStemmerTest.swift in Sources */ = {isa = PBXBuildFile; fileRef = 4F3197622167E4ED00135FF4 /* PorterStemmerTest.swift */; };
		4F3197652168AD0F00135FF4 /* SearchViewController.swift in Sources */ = {isa = PBXBuildFile; fileRef = 4F3197642168AD0F00135FF4 /* SearchViewController.swift */; };
		4F3197672168C32800135FF4 /* Lexicon.swift in Sources */ = {isa = PBXBuildFile; fileRef = 4F3197662168C32800135FF4 /* Lexicon.swift */; };
		4F3849DE2185C75D00613B53 /* AppStoreScreenshots.swift in Sources */ = {isa = PBXBuildFile; fileRef = 4F3849DD2185C75D00613B53 /* AppStoreScreenshots.swift */; };
		4F3849E02187970F00613B53 /* Theme.swift in Sources */ = {isa = PBXBuildFile; fileRef = 4F3849DF2187970F00613B53 /* Theme.swift */; };
		4F3849E221890B9500613B53 /* ThemeTest.swift in Sources */ = {isa = PBXBuildFile; fileRef = 4F3849E121890B9500613B53 /* ThemeTest.swift */; };
		4F588BC721AC9355000DA76F /* DeepLinkTest.swift in Sources */ = {isa = PBXBuildFile; fileRef = 4F588BC621AC9355000DA76F /* DeepLinkTest.swift */; };
		4F588BC921ACA34B000DA76F /* SearchResultAssertions.swift in Sources */ = {isa = PBXBuildFile; fileRef = 4F588BC821ACA34B000DA76F /* SearchResultAssertions.swift */; };
		4F588BCC21ACA47D000DA76F /* UITestNavigation.swift in Sources */ = {isa = PBXBuildFile; fileRef = 4F588BCB21ACA47D000DA76F /* UITestNavigation.swift */; };
		4F588BCE21ACA4F1000DA76F /* UITestActions.swift in Sources */ = {isa = PBXBuildFile; fileRef = 4F588BCD21ACA4F1000DA76F /* UITestActions.swift */; };
		4F588BD021ACA5AF000DA76F /* UITestWaitHacks.swift in Sources */ = {isa = PBXBuildFile; fileRef = 4F588BCF21ACA5AF000DA76F /* UITestWaitHacks.swift */; };
		4F588BD221B09FE5000DA76F /* TodayExtensionTest.swift in Sources */ = {isa = PBXBuildFile; fileRef = 4F588BD121B09FE5000DA76F /* TodayExtensionTest.swift */; };
		4F6613D62164D10700FA10A1 /* AppDelegate.swift in Sources */ = {isa = PBXBuildFile; fileRef = 4F6613D52164D10700FA10A1 /* AppDelegate.swift */; };
		4F6613D82164D10700FA10A1 /* RhymerViewController.swift in Sources */ = {isa = PBXBuildFile; fileRef = 4F6613D72164D10700FA10A1 /* RhymerViewController.swift */; };
		4F6613DA2164D10700FA10A1 /* ThesaurusViewController.swift in Sources */ = {isa = PBXBuildFile; fileRef = 4F6613D92164D10700FA10A1 /* ThesaurusViewController.swift */; };
		4F6613DD2164D10700FA10A1 /* Main.storyboard in Resources */ = {isa = PBXBuildFile; fileRef = 4F6613DB2164D10700FA10A1 /* Main.storyboard */; };
		4F6613DF2164D10800FA10A1 /* Assets.xcassets in Resources */ = {isa = PBXBuildFile; fileRef = 4F6613DE2164D10800FA10A1 /* Assets.xcassets */; };
		4F6613E22164D10800FA10A1 /* LaunchScreen.storyboard in Resources */ = {isa = PBXBuildFile; fileRef = 4F6613E02164D10800FA10A1 /* LaunchScreen.storyboard */; };
		4F6613F02164FC2E00FA10A1 /* ComposerViewController.swift in Sources */ = {isa = PBXBuildFile; fileRef = 4F6613EF2164FC2E00FA10A1 /* ComposerViewController.swift */; };
		4F6613F5216506B500FA10A1 /* PoemDocument.swift in Sources */ = {isa = PBXBuildFile; fileRef = 4F6613F4216506B500FA10A1 /* PoemDocument.swift */; };
		4F6613F92165241D00FA10A1 /* TabBarController.swift in Sources */ = {isa = PBXBuildFile; fileRef = 4F6613F82165241D00FA10A1 /* TabBarController.swift */; };
		4F661404216531C800FA10A1 /* DictionaryViewController.swift in Sources */ = {isa = PBXBuildFile; fileRef = 4F661403216531C800FA10A1 /* DictionaryViewController.swift */; };
		4F661407216533CB00FA10A1 /* SearchSuggestionsController.swift in Sources */ = {isa = PBXBuildFile; fileRef = 4F661406216533CB00FA10A1 /* SearchSuggestionsController.swift */; };
		4F66141121654FC200FA10A1 /* DictionaryTableViewCell.swift in Sources */ = {isa = PBXBuildFile; fileRef = 4F66141021654FC200FA10A1 /* DictionaryTableViewCell.swift */; };
		4F661415216627EB00FA10A1 /* UILabel+fontstyle.swift in Sources */ = {isa = PBXBuildFile; fileRef = 4F661414216627EB00FA10A1 /* UILabel+fontstyle.swift */; };
		4F66141B2166501A00FA10A1 /* en.lproj in Resources */ = {isa = PBXBuildFile; fileRef = 4F66141A2166501A00FA10A1 /* en.lproj */; };
		4F698A1A21736B2B00CD6CB3 /* VoicesTableViewController.swift in Sources */ = {isa = PBXBuildFile; fileRef = 4F698A1921736B2B00CD6CB3 /* VoicesTableViewController.swift */; };
		4F698A1C21737AD500CD6CB3 /* VoiceList.swift in Sources */ = {isa = PBXBuildFile; fileRef = 4F698A1B21737AD500CD6CB3 /* VoiceList.swift */; };
		4F698A1F21738F3600CD6CB3 /* VoiceTableViewCell.swift in Sources */ = {isa = PBXBuildFile; fileRef = 4F698A1E21738F3600CD6CB3 /* VoiceTableViewCell.swift */; };
		4F698A212175410200CD6CB3 /* RTDAnimator.swift in Sources */ = {isa = PBXBuildFile; fileRef = 4F698A202175410200CD6CB3 /* RTDAnimator.swift */; };
		4F798F3321B1CAA200CB4C25 /* dictionaries.sqlite in Resources */ = {isa = PBXBuildFile; fileRef = 4F6613FD21652F2200FA10A1 /* dictionaries.sqlite */; };
		4FA229F121726C800014B1B9 /* Settings.storyboard in Resources */ = {isa = PBXBuildFile; fileRef = 4FA229F321726C800014B1B9 /* Settings.storyboard */; };
		4FD3B68E21A0746700EB3D89 /* ShareTest.swift in Sources */ = {isa = PBXBuildFile; fileRef = 4FD3B68D21A0746700EB3D89 /* ShareTest.swift */; };
		4FEB03B82177BB7100CF8B49 /* StemsTest.swift in Sources */ = {isa = PBXBuildFile; fileRef = 4FEB03B72177BB7100CF8B49 /* StemsTest.swift */; };
		4FEB03D12179047200CF8B49 /* ComposerTest.swift in Sources */ = {isa = PBXBuildFile; fileRef = 4FEB03D02179047200CF8B49 /* ComposerTest.swift */; };
		4FEB03D921792E1000CF8B49 /* SearchSuggestionsTest.swift in Sources */ = {isa = PBXBuildFile; fileRef = 4FEB03D821792E1000CF8B49 /* SearchSuggestionsTest.swift */; };
		4FEB03DB217942C000CF8B49 /* UITestUtils.swift in Sources */ = {isa = PBXBuildFile; fileRef = 4FEB03DA217942C000CF8B49 /* UITestUtils.swift */; };
		4FEB03DD217B45D200CF8B49 /* RTDTest.swift in Sources */ = {isa = PBXBuildFile; fileRef = 4FEB03DC217B45D200CF8B49 /* RTDTest.swift */; };
		4FEF0684217B83F000D69383 /* WordNotFoundTest.swift in Sources */ = {isa = PBXBuildFile; fileRef = 4FEF0683217B83F000D69383 /* WordNotFoundTest.swift */; };
		4FEF0686217B988000D69383 /* AboutTest.swift in Sources */ = {isa = PBXBuildFile; fileRef = 4FEF0685217B988000D69383 /* AboutTest.swift */; };
		4FEF0688217BC41100D69383 /* TtsSettingsTest.swift in Sources */ = {isa = PBXBuildFile; fileRef = 4FEF0687217BC41100D69383 /* TtsSettingsTest.swift */; };
		4FEF068A217BCC2D00D69383 /* TtsPlayButtonConnector.swift in Sources */ = {isa = PBXBuildFile; fileRef = 4FEF0689217BCC2D00D69383 /* TtsPlayButtonConnector.swift */; };
		4FEF06902182554200D69383 /* MoreTableViewController.swift in Sources */ = {isa = PBXBuildFile; fileRef = 4FEF068F2182554200D69383 /* MoreTableViewController.swift */; };
		4FEF06B82184F40500D69383 /* ComposerViewController+MoreDelegate.swift in Sources */ = {isa = PBXBuildFile; fileRef = 4FEF06B72184F40500D69383 /* ComposerViewController+MoreDelegate.swift */; };
		4FEF06B92185087F00D69383 /* More.storyboard in Resources */ = {isa = PBXBuildFile; fileRef = 4FEF06BB2185087F00D69383 /* More.storyboard */; };
		4FEF06C021850FFF00D69383 /* FileUtils.swift in Sources */ = {isa = PBXBuildFile; fileRef = 4FEF06BF21850FFF00D69383 /* FileUtils.swift */; };
		4FEF06C22185110600D69383 /* FileTest.swift in Sources */ = {isa = PBXBuildFile; fileRef = 4FEF06C12185110600D69383 /* FileTest.swift */; };
		4FEF06C421851C0D00D69383 /* FileUtilsTest.swift in Sources */ = {isa = PBXBuildFile; fileRef = 4FEF06C321851C0D00D69383 /* FileUtilsTest.swift */; };
		4FFB97FD2171E45C000469F0 /* ComposerViewController+menu.swift in Sources */ = {isa = PBXBuildFile; fileRef = 4FFB97FC2171E45C000469F0 /* ComposerViewController+menu.swift */; };
		4FFB980221722274000469F0 /* AboutViewController.swift in Sources */ = {isa = PBXBuildFile; fileRef = 4FFB980121722274000469F0 /* AboutViewController.swift */; };
		4FFB980C21724595000469F0 /* SettingsTableViewController.swift in Sources */ = {isa = PBXBuildFile; fileRef = 4FFB980B21724595000469F0 /* SettingsTableViewController.swift */; };
		4FFBA5BE216A542500AD3AD6 /* WordCounter.swift in Sources */ = {isa = PBXBuildFile; fileRef = 4FFBA5BD216A542500AD3AD6 /* WordCounter.swift */; };
		4FFBA5C0216A5C7A00AD3AD6 /* WordCountTest.swift in Sources */ = {isa = PBXBuildFile; fileRef = 4FFBA5BF216A5C7A00AD3AD6 /* WordCountTest.swift */; };
		4FFBA609216A97CF00AD3AD6 /* Suggestion.swift in Sources */ = {isa = PBXBuildFile; fileRef = 4FFBA608216A97CF00AD3AD6 /* Suggestion.swift */; };
		4FFBA60B216A9D8E00AD3AD6 /* SuggestionsFetchedResultsControllerWrapper.swift in Sources */ = {isa = PBXBuildFile; fileRef = 4FFBA60A216A9D8E00AD3AD6 /* SuggestionsFetchedResultsControllerWrapper.swift */; };
		4FFBA614216AB88100AD3AD6 /* userdata.xcdatamodeld in Sources */ = {isa = PBXBuildFile; fileRef = 4FFBA612216AB88100AD3AD6 /* userdata.xcdatamodeld */; };
/* End PBXBuildFile section */

/* Begin PBXContainerItemProxy section */
		4F2CE80621AA980400EB2AF3 /* PBXContainerItemProxy */ = {
			isa = PBXContainerItemProxy;
			containerPortal = 4F6613CA2164D10700FA10A1 /* Project object */;
			proxyType = 1;
			remoteGlobalIDString = 4F2CE80021AA980400EB2AF3;
			remoteInfo = PoetAssistantLexiconsFramework;
		};
		4F2CE83721AADA8900EB2AF3 /* PBXContainerItemProxy */ = {
			isa = PBXContainerItemProxy;
			containerPortal = 4F6613CA2164D10700FA10A1 /* Project object */;
			proxyType = 1;
			remoteGlobalIDString = 4F2CE82C21AADA8900EB2AF3;
			remoteInfo = PoetAssistantTodayExtension;
		};
		4F31975D2167E4A800135FF4 /* PBXContainerItemProxy */ = {
			isa = PBXContainerItemProxy;
			containerPortal = 4F6613CA2164D10700FA10A1 /* Project object */;
			proxyType = 1;
			remoteGlobalIDString = 4F6613D12164D10700FA10A1;
			remoteInfo = PoetAssistant;
		};
		4F588BC421AB60D7000DA76F /* PBXContainerItemProxy */ = {
			isa = PBXContainerItemProxy;
			containerPortal = 4F6613CA2164D10700FA10A1 /* Project object */;
			proxyType = 1;
			remoteGlobalIDString = 4F2CE80021AA980400EB2AF3;
			remoteInfo = PoetAssistantLexiconsFramework;
		};
		4FEB03D32179047200CF8B49 /* PBXContainerItemProxy */ = {
			isa = PBXContainerItemProxy;
			containerPortal = 4F6613CA2164D10700FA10A1 /* Project object */;
			proxyType = 1;
			remoteGlobalIDString = 4F6613D12164D10700FA10A1;
			remoteInfo = PoetAssistant;
		};
/* End PBXContainerItemProxy section */

/* Begin PBXCopyFilesBuildPhase section */
		4F2CE7FB21AA954E00EB2AF3 /* Embed App Extensions */ = {
			isa = PBXCopyFilesBuildPhase;
			buildActionMask = 2147483647;
			dstPath = "";
			dstSubfolderSpec = 13;
			files = (
				4F2CE83921AADA8900EB2AF3 /* PoetAssistantTodayExtension.appex in Embed App Extensions */,
			);
			name = "Embed App Extensions";
			runOnlyForDeploymentPostprocessing = 0;
		};
		4F2CE80D21AA980400EB2AF3 /* Embed Frameworks */ = {
			isa = PBXCopyFilesBuildPhase;
			buildActionMask = 2147483647;
			dstPath = "";
			dstSubfolderSpec = 10;
			files = (
				4F2CE80921AA980400EB2AF3 /* PoetAssistantLexiconsFramework.framework in Embed Frameworks */,
			);
			name = "Embed Frameworks";
			runOnlyForDeploymentPostprocessing = 0;
		};
/* End PBXCopyFilesBuildPhase section */

/* Begin PBXFileReference section */
		4F054B5E218DCA9F00386FBC /* RTDView.swift */ = {isa = PBXFileReference; lastKnownFileType = sourcecode.swift; path = RTDView.swift; sourceTree = "<group>"; };
		4F054B60218DCE1000386FBC /* RTDTableViewCell.swift */ = {isa = PBXFileReference; lastKnownFileType = sourcecode.swift; path = RTDTableViewCell.swift; sourceTree = "<group>"; };
		4F054B64218DE1AC00386FBC /* SearchResultHeaderView.swift */ = {isa = PBXFileReference; lastKnownFileType = sourcecode.swift; path = SearchResultHeaderView.swift; sourceTree = "<group>"; };
		4F054B66218DE24500386FBC /* SearchResultHeaderView.xib */ = {isa = PBXFileReference; lastKnownFileType = file.xib; path = SearchResultHeaderView.xib; sourceTree = "<group>"; };
		4F054B6A2196ADE300386FBC /* UINavigationController+statusBarStyle.swift */ = {isa = PBXFileReference; lastKnownFileType = sourcecode.swift; path = "UINavigationController+statusBarStyle.swift"; sourceTree = "<group>"; };
		4F1189C7219870A100A4308C /* RhymerSettingsTest.swift */ = {isa = PBXFileReference; lastKnownFileType = sourcecode.swift; path = RhymerSettingsTest.swift; sourceTree = "<group>"; };
		4F15B04B217342560072C8BC /* Tts.swift */ = {isa = PBXFileReference; lastKnownFileType = sourcecode.swift; path = Tts.swift; sourceTree = "<group>"; };
		4F1C93C8218BA0FA00469CD5 /* userdata 2.xcdatamodel */ = {isa = PBXFileReference; lastKnownFileType = wrapper.xcdatamodel; path = "userdata 2.xcdatamodel"; sourceTree = "<group>"; };
		4F1C93C9218BA71600469CD5 /* Favorite.swift */ = {isa = PBXFileReference; lastKnownFileType = sourcecode.swift; path = Favorite.swift; sourceTree = "<group>"; };
		4F1C93CB218BAADF00469CD5 /* FavoritesViewController.swift */ = {isa = PBXFileReference; lastKnownFileType = sourcecode.swift; path = FavoritesViewController.swift; sourceTree = "<group>"; };
		4F1C93CD218C5D7300469CD5 /* FavoriteDelegate.swift */ = {isa = PBXFileReference; lastKnownFileType = sourcecode.swift; path = FavoriteDelegate.swift; sourceTree = "<group>"; };
		4F1C93CF218C6C9300469CD5 /* CoreDataNotificationHelper.swift */ = {isa = PBXFileReference; lastKnownFileType = sourcecode.swift; path = CoreDataNotificationHelper.swift; sourceTree = "<group>"; };
		4F1C93D5218C94B200469CD5 /* FavoriteButtonHelper.swift */ = {isa = PBXFileReference; lastKnownFileType = sourcecode.swift; path = FavoriteButtonHelper.swift; sourceTree = "<group>"; };
		4F1C93D7218CFAB400469CD5 /* FavoritesTest.swift */ = {isa = PBXFileReference; lastKnownFileType = sourcecode.swift; path = FavoritesTest.swift; sourceTree = "<group>"; };
		4F1C93D9218DC58E00469CD5 /* RTDView.xib */ = {isa = PBXFileReference; lastKnownFileType = file.xib; path = RTDView.xib; sourceTree = "<group>"; };
		4F2CE7D921A98D4100EB2AF3 /* Random.swift */ = {isa = PBXFileReference; lastKnownFileType = sourcecode.swift; path = Random.swift; sourceTree = "<group>"; };
		4F2CE7DB21A98F8B00EB2AF3 /* Wotd.swift */ = {isa = PBXFileReference; lastKnownFileType = sourcecode.swift; path = Wotd.swift; sourceTree = "<group>"; };
		4F2CE7DD21A994E700EB2AF3 /* WotdTest.swift */ = {isa = PBXFileReference; lastKnownFileType = sourcecode.swift; path = WotdTest.swift; sourceTree = "<group>"; };
		4F2CE80121AA980400EB2AF3 /* PoetAssistantLexiconsFramework.framework */ = {isa = PBXFileReference; explicitFileType = wrapper.framework; includeInIndex = 0; path = PoetAssistantLexiconsFramework.framework; sourceTree = BUILT_PRODUCTS_DIR; };
		4F2CE80321AA980400EB2AF3 /* PoetAssistantLexiconsFramework.h */ = {isa = PBXFileReference; lastKnownFileType = sourcecode.c.h; path = PoetAssistantLexiconsFramework.h; sourceTree = "<group>"; };
		4F2CE80421AA980400EB2AF3 /* Info.plist */ = {isa = PBXFileReference; lastKnownFileType = text.plist.xml; path = Info.plist; sourceTree = "<group>"; };
		4F2CE81121AA9EF700EB2AF3 /* PoetAssistant.entitlements */ = {isa = PBXFileReference; lastKnownFileType = text.plist.entitlements; path = PoetAssistant.entitlements; sourceTree = "<group>"; };
		4F2CE81421AAA18600EB2AF3 /* CoreDataAccess.swift */ = {isa = PBXFileReference; lastKnownFileType = sourcecode.swift; path = CoreDataAccess.swift; sourceTree = "<group>"; };
		4F2CE82D21AADA8900EB2AF3 /* PoetAssistantTodayExtension.appex */ = {isa = PBXFileReference; explicitFileType = "wrapper.app-extension"; includeInIndex = 0; path = PoetAssistantTodayExtension.appex; sourceTree = BUILT_PRODUCTS_DIR; };
		4F2CE82E21AADA8900EB2AF3 /* NotificationCenter.framework */ = {isa = PBXFileReference; lastKnownFileType = wrapper.framework; name = NotificationCenter.framework; path = System/Library/Frameworks/NotificationCenter.framework; sourceTree = SDKROOT; };
		4F2CE83121AADA8900EB2AF3 /* TodayViewController.swift */ = {isa = PBXFileReference; lastKnownFileType = sourcecode.swift; path = TodayViewController.swift; sourceTree = "<group>"; };
		4F2CE83421AADA8900EB2AF3 /* Base */ = {isa = PBXFileReference; lastKnownFileType = file.storyboard; name = Base; path = Base.lproj/MainInterface.storyboard; sourceTree = "<group>"; };
		4F2CE83621AADA8900EB2AF3 /* Info.plist */ = {isa = PBXFileReference; lastKnownFileType = text.plist.xml; path = Info.plist; sourceTree = "<group>"; };
		4F2CE83D21AADAD500EB2AF3 /* PoetAssistantTodayExtension.entitlements */ = {isa = PBXFileReference; lastKnownFileType = text.plist.entitlements; path = PoetAssistantTodayExtension.entitlements; sourceTree = "<group>"; };
		4F2CE84121AB105600EB2AF3 /* Localization.swift */ = {isa = PBXFileReference; lastKnownFileType = sourcecode.swift; path = Localization.swift; sourceTree = "<group>"; };
		4F2CE84A21AB279D00EB2AF3 /* en.lproj */ = {isa = PBXFileReference; lastKnownFileType = folder; path = en.lproj; sourceTree = "<group>"; };
		4F2CE85121AB2A6A00EB2AF3 /* en.lproj */ = {isa = PBXFileReference; lastKnownFileType = folder; path = en.lproj; sourceTree = "<group>"; };
		4F2CE85421AB39C600EB2AF3 /* WidgetData.swift */ = {isa = PBXFileReference; lastKnownFileType = sourcecode.swift; path = WidgetData.swift; sourceTree = "<group>"; };
		4F2CE85621AB3D5800EB2AF3 /* WidgetDataRepository.swift */ = {isa = PBXFileReference; lastKnownFileType = sourcecode.swift; path = WidgetDataRepository.swift; sourceTree = "<group>"; };
		4F31972A2166587100135FF4 /* Tab.swift */ = {isa = PBXFileReference; lastKnownFileType = sourcecode.swift; path = Tab.swift; sourceTree = "<group>"; };
		4F31972E21666FCF00135FF4 /* Settings.swift */ = {isa = PBXFileReference; lastKnownFileType = sourcecode.swift; path = Settings.swift; sourceTree = "<group>"; };
		4F3197362166A4A500135FF4 /* SearchResultsController.swift */ = {isa = PBXFileReference; lastKnownFileType = sourcecode.swift; path = SearchResultsController.swift; sourceTree = "<group>"; };
		4F31973A2166C28700135FF4 /* WordVariants.swift */ = {isa = PBXFileReference; lastKnownFileType = sourcecode.swift; path = WordVariants.swift; sourceTree = "<group>"; };
		4F31973C2166C79600135FF4 /* RhymeFetcher.swift */ = {isa = PBXFileReference; lastKnownFileType = sourcecode.swift; path = RhymeFetcher.swift; sourceTree = "<group>"; };
		4F3197442167129400135FF4 /* Thesaurus.swift */ = {isa = PBXFileReference; lastKnownFileType = sourcecode.swift; path = Thesaurus.swift; sourceTree = "<group>"; };
		4F3197462167131200135FF4 /* ThesaurusResultsFetcher.swift */ = {isa = PBXFileReference; lastKnownFileType = sourcecode.swift; path = ThesaurusResultsFetcher.swift; sourceTree = "<group>"; };
		4F31974A2167284800135FF4 /* ThesaurusRelationshipViewCell.swift */ = {isa = PBXFileReference; lastKnownFileType = sourcecode.swift; path = ThesaurusRelationshipViewCell.swift; sourceTree = "<group>"; };
		4F31974E21679CFD00135FF4 /* RTDDelegate.swift */ = {isa = PBXFileReference; lastKnownFileType = sourcecode.swift; path = RTDDelegate.swift; sourceTree = "<group>"; };
		4F3197502167A2D000135FF4 /* SectionInfo.swift */ = {isa = PBXFileReference; lastKnownFileType = sourcecode.swift; path = SectionInfo.swift; sourceTree = "<group>"; };
		4F3197522167D59A00135FF4 /* PorterStemmer.swift */ = {isa = PBXFileReference; lastKnownFileType = sourcecode.swift; path = PorterStemmer.swift; sourceTree = "<group>"; };
		4F3197582167E4A800135FF4 /* PoetAssistantTests.xctest */ = {isa = PBXFileReference; explicitFileType = wrapper.cfbundle; includeInIndex = 0; path = PoetAssistantTests.xctest; sourceTree = BUILT_PRODUCTS_DIR; };
		4F31975C2167E4A800135FF4 /* Info.plist */ = {isa = PBXFileReference; lastKnownFileType = text.plist.xml; path = Info.plist; sourceTree = "<group>"; };
		4F3197622167E4ED00135FF4 /* PorterStemmerTest.swift */ = {isa = PBXFileReference; lastKnownFileType = sourcecode.swift; path = PorterStemmerTest.swift; sourceTree = "<group>"; };
		4F3197642168AD0F00135FF4 /* SearchViewController.swift */ = {isa = PBXFileReference; lastKnownFileType = sourcecode.swift; path = SearchViewController.swift; sourceTree = "<group>"; };
		4F3197662168C32800135FF4 /* Lexicon.swift */ = {isa = PBXFileReference; lastKnownFileType = sourcecode.swift; path = Lexicon.swift; sourceTree = "<group>"; };
		4F3849DD2185C75D00613B53 /* AppStoreScreenshots.swift */ = {isa = PBXFileReference; lastKnownFileType = sourcecode.swift; path = AppStoreScreenshots.swift; sourceTree = "<group>"; };
		4F3849DF2187970F00613B53 /* Theme.swift */ = {isa = PBXFileReference; lastKnownFileType = sourcecode.swift; path = Theme.swift; sourceTree = "<group>"; };
		4F3849E121890B9500613B53 /* ThemeTest.swift */ = {isa = PBXFileReference; lastKnownFileType = sourcecode.swift; path = ThemeTest.swift; sourceTree = "<group>"; };
		4F588BC621AC9355000DA76F /* DeepLinkTest.swift */ = {isa = PBXFileReference; lastKnownFileType = sourcecode.swift; path = DeepLinkTest.swift; sourceTree = "<group>"; };
		4F588BC821ACA34B000DA76F /* SearchResultAssertions.swift */ = {isa = PBXFileReference; lastKnownFileType = sourcecode.swift; path = SearchResultAssertions.swift; sourceTree = "<group>"; };
		4F588BCB21ACA47D000DA76F /* UITestNavigation.swift */ = {isa = PBXFileReference; lastKnownFileType = sourcecode.swift; path = UITestNavigation.swift; sourceTree = "<group>"; };
		4F588BCD21ACA4F1000DA76F /* UITestActions.swift */ = {isa = PBXFileReference; lastKnownFileType = sourcecode.swift; path = UITestActions.swift; sourceTree = "<group>"; };
		4F588BCF21ACA5AF000DA76F /* UITestWaitHacks.swift */ = {isa = PBXFileReference; lastKnownFileType = sourcecode.swift; path = UITestWaitHacks.swift; sourceTree = "<group>"; };
		4F588BD121B09FE5000DA76F /* TodayExtensionTest.swift */ = {isa = PBXFileReference; lastKnownFileType = sourcecode.swift; path = TodayExtensionTest.swift; sourceTree = "<group>"; };
		4F6613D22164D10700FA10A1 /* PoetAssistant.app */ = {isa = PBXFileReference; explicitFileType = wrapper.application; includeInIndex = 0; path = PoetAssistant.app; sourceTree = BUILT_PRODUCTS_DIR; };
		4F6613D52164D10700FA10A1 /* AppDelegate.swift */ = {isa = PBXFileReference; lastKnownFileType = sourcecode.swift; path = AppDelegate.swift; sourceTree = "<group>"; };
		4F6613D72164D10700FA10A1 /* RhymerViewController.swift */ = {isa = PBXFileReference; lastKnownFileType = sourcecode.swift; path = RhymerViewController.swift; sourceTree = "<group>"; };
		4F6613D92164D10700FA10A1 /* ThesaurusViewController.swift */ = {isa = PBXFileReference; lastKnownFileType = sourcecode.swift; path = ThesaurusViewController.swift; sourceTree = "<group>"; };
		4F6613DC2164D10700FA10A1 /* Base */ = {isa = PBXFileReference; lastKnownFileType = file.storyboard; name = Base; path = Base.lproj/Main.storyboard; sourceTree = "<group>"; };
		4F6613DE2164D10800FA10A1 /* Assets.xcassets */ = {isa = PBXFileReference; lastKnownFileType = folder.assetcatalog; path = Assets.xcassets; sourceTree = "<group>"; };
		4F6613E12164D10800FA10A1 /* Base */ = {isa = PBXFileReference; lastKnownFileType = file.storyboard; name = Base; path = Base.lproj/LaunchScreen.storyboard; sourceTree = "<group>"; };
		4F6613E32164D10800FA10A1 /* Info.plist */ = {isa = PBXFileReference; lastKnownFileType = text.plist.xml; path = Info.plist; sourceTree = "<group>"; };
		4F6613EA2164D21200FA10A1 /* en */ = {isa = PBXFileReference; lastKnownFileType = text.plist.strings; name = en; path = en.lproj/Main.strings; sourceTree = "<group>"; };
		4F6613EF2164FC2E00FA10A1 /* ComposerViewController.swift */ = {isa = PBXFileReference; fileEncoding = 4; lastKnownFileType = sourcecode.swift; path = ComposerViewController.swift; sourceTree = "<group>"; };
		4F6613F4216506B500FA10A1 /* PoemDocument.swift */ = {isa = PBXFileReference; lastKnownFileType = sourcecode.swift; path = PoemDocument.swift; sourceTree = "<group>"; };
		4F6613F82165241D00FA10A1 /* TabBarController.swift */ = {isa = PBXFileReference; lastKnownFileType = sourcecode.swift; path = TabBarController.swift; sourceTree = "<group>"; };
		4F6613FB2165295400FA10A1 /* dictionaries.xcdatamodel */ = {isa = PBXFileReference; lastKnownFileType = wrapper.xcdatamodel; path = dictionaries.xcdatamodel; sourceTree = "<group>"; };
		4F6613FE21652F2200FA10A1 /* Base */ = {isa = PBXFileReference; lastKnownFileType = file; name = Base; path = Base.lproj/dictionaries.sqlite; sourceTree = "<group>"; };
		4F66140021652F6C00FA10A1 /* EmbeddedDb.swift */ = {isa = PBXFileReference; lastKnownFileType = sourcecode.swift; path = EmbeddedDb.swift; sourceTree = "<group>"; };
		4F661403216531C800FA10A1 /* DictionaryViewController.swift */ = {isa = PBXFileReference; lastKnownFileType = sourcecode.swift; path = DictionaryViewController.swift; sourceTree = "<group>"; };
		4F661406216533CB00FA10A1 /* SearchSuggestionsController.swift */ = {isa = PBXFileReference; lastKnownFileType = sourcecode.swift; path = SearchSuggestionsController.swift; sourceTree = "<group>"; };
		4F6614082165345200FA10A1 /* Dictionary.swift */ = {isa = PBXFileReference; lastKnownFileType = sourcecode.swift; path = Dictionary.swift; sourceTree = "<group>"; };
		4F66141021654FC200FA10A1 /* DictionaryTableViewCell.swift */ = {isa = PBXFileReference; lastKnownFileType = sourcecode.swift; path = DictionaryTableViewCell.swift; sourceTree = "<group>"; };
		4F661414216627EB00FA10A1 /* UILabel+fontstyle.swift */ = {isa = PBXFileReference; lastKnownFileType = sourcecode.swift; path = "UILabel+fontstyle.swift"; sourceTree = "<group>"; };
		4F66141A2166501A00FA10A1 /* en.lproj */ = {isa = PBXFileReference; lastKnownFileType = folder; path = en.lproj; sourceTree = "<group>"; };
		4F698A1921736B2B00CD6CB3 /* VoicesTableViewController.swift */ = {isa = PBXFileReference; lastKnownFileType = sourcecode.swift; path = VoicesTableViewController.swift; sourceTree = "<group>"; };
		4F698A1B21737AD500CD6CB3 /* VoiceList.swift */ = {isa = PBXFileReference; lastKnownFileType = sourcecode.swift; path = VoiceList.swift; sourceTree = "<group>"; };
		4F698A1E21738F3600CD6CB3 /* VoiceTableViewCell.swift */ = {isa = PBXFileReference; lastKnownFileType = sourcecode.swift; path = VoiceTableViewCell.swift; sourceTree = "<group>"; };
		4F698A202175410200CD6CB3 /* RTDAnimator.swift */ = {isa = PBXFileReference; lastKnownFileType = sourcecode.swift; path = RTDAnimator.swift; sourceTree = "<group>"; };
		4FA229F221726C800014B1B9 /* Base */ = {isa = PBXFileReference; lastKnownFileType = file.storyboard; name = Base; path = Base.lproj/Settings.storyboard; sourceTree = "<group>"; };
		4FA229F521726C8D0014B1B9 /* en */ = {isa = PBXFileReference; lastKnownFileType = text.plist.strings; name = en; path = en.lproj/Settings.strings; sourceTree = "<group>"; };
		4FD3B68D21A0746700EB3D89 /* ShareTest.swift */ = {isa = PBXFileReference; lastKnownFileType = sourcecode.swift; path = ShareTest.swift; sourceTree = "<group>"; };
		4FEB03B52177B70E00CF8B49 /* Stems.swift */ = {isa = PBXFileReference; lastKnownFileType = sourcecode.swift; path = Stems.swift; sourceTree = "<group>"; };
		4FEB03B72177BB7100CF8B49 /* StemsTest.swift */ = {isa = PBXFileReference; lastKnownFileType = sourcecode.swift; path = StemsTest.swift; sourceTree = "<group>"; };
		4FEB03CE2179047200CF8B49 /* PoetAssistantUITests.xctest */ = {isa = PBXFileReference; explicitFileType = wrapper.cfbundle; includeInIndex = 0; path = PoetAssistantUITests.xctest; sourceTree = BUILT_PRODUCTS_DIR; };
		4FEB03D02179047200CF8B49 /* ComposerTest.swift */ = {isa = PBXFileReference; lastKnownFileType = sourcecode.swift; path = ComposerTest.swift; sourceTree = "<group>"; };
		4FEB03D22179047200CF8B49 /* Info.plist */ = {isa = PBXFileReference; lastKnownFileType = text.plist.xml; path = Info.plist; sourceTree = "<group>"; };
		4FEB03D821792E1000CF8B49 /* SearchSuggestionsTest.swift */ = {isa = PBXFileReference; lastKnownFileType = sourcecode.swift; path = SearchSuggestionsTest.swift; sourceTree = "<group>"; };
		4FEB03DA217942C000CF8B49 /* UITestUtils.swift */ = {isa = PBXFileReference; lastKnownFileType = sourcecode.swift; path = UITestUtils.swift; sourceTree = "<group>"; };
		4FEB03DC217B45D200CF8B49 /* RTDTest.swift */ = {isa = PBXFileReference; lastKnownFileType = sourcecode.swift; path = RTDTest.swift; sourceTree = "<group>"; };
		4FEF0683217B83F000D69383 /* WordNotFoundTest.swift */ = {isa = PBXFileReference; lastKnownFileType = sourcecode.swift; path = WordNotFoundTest.swift; sourceTree = "<group>"; };
		4FEF0685217B988000D69383 /* AboutTest.swift */ = {isa = PBXFileReference; lastKnownFileType = sourcecode.swift; path = AboutTest.swift; sourceTree = "<group>"; };
		4FEF0687217BC41100D69383 /* TtsSettingsTest.swift */ = {isa = PBXFileReference; lastKnownFileType = sourcecode.swift; path = TtsSettingsTest.swift; sourceTree = "<group>"; };
		4FEF0689217BCC2D00D69383 /* TtsPlayButtonConnector.swift */ = {isa = PBXFileReference; lastKnownFileType = sourcecode.swift; path = TtsPlayButtonConnector.swift; sourceTree = "<group>"; };
		4FEF068F2182554200D69383 /* MoreTableViewController.swift */ = {isa = PBXFileReference; lastKnownFileType = sourcecode.swift; path = MoreTableViewController.swift; sourceTree = "<group>"; };
		4FEF06B72184F40500D69383 /* ComposerViewController+MoreDelegate.swift */ = {isa = PBXFileReference; lastKnownFileType = sourcecode.swift; path = "ComposerViewController+MoreDelegate.swift"; sourceTree = "<group>"; };
		4FEF06BC2185089A00D69383 /* Base */ = {isa = PBXFileReference; lastKnownFileType = file.storyboard; name = Base; path = Base.lproj/More.storyboard; sourceTree = "<group>"; };
		4FEF06BE21850A4700D69383 /* en */ = {isa = PBXFileReference; lastKnownFileType = text.plist.strings; name = en; path = en.lproj/More.strings; sourceTree = "<group>"; };
		4FEF06BF21850FFF00D69383 /* FileUtils.swift */ = {isa = PBXFileReference; lastKnownFileType = sourcecode.swift; path = FileUtils.swift; sourceTree = "<group>"; };
		4FEF06C12185110600D69383 /* FileTest.swift */ = {isa = PBXFileReference; lastKnownFileType = sourcecode.swift; path = FileTest.swift; sourceTree = "<group>"; };
		4FEF06C321851C0D00D69383 /* FileUtilsTest.swift */ = {isa = PBXFileReference; lastKnownFileType = sourcecode.swift; path = FileUtilsTest.swift; sourceTree = "<group>"; };
		4FFB97F6216EA070000469F0 /* DictionaryQueryResult.swift */ = {isa = PBXFileReference; lastKnownFileType = sourcecode.swift; path = DictionaryQueryResult.swift; sourceTree = "<group>"; };
		4FFB97F8216EA09E000469F0 /* PartOfSpeech.swift */ = {isa = PBXFileReference; lastKnownFileType = sourcecode.swift; path = PartOfSpeech.swift; sourceTree = "<group>"; };
		4FFB97FC2171E45C000469F0 /* ComposerViewController+menu.swift */ = {isa = PBXFileReference; lastKnownFileType = sourcecode.swift; path = "ComposerViewController+menu.swift"; sourceTree = "<group>"; };
		4FFB980121722274000469F0 /* AboutViewController.swift */ = {isa = PBXFileReference; lastKnownFileType = sourcecode.swift; path = AboutViewController.swift; sourceTree = "<group>"; };
		4FFB980B21724595000469F0 /* SettingsTableViewController.swift */ = {isa = PBXFileReference; lastKnownFileType = sourcecode.swift; path = SettingsTableViewController.swift; sourceTree = "<group>"; };
		4FFBA5BD216A542500AD3AD6 /* WordCounter.swift */ = {isa = PBXFileReference; lastKnownFileType = sourcecode.swift; path = WordCounter.swift; sourceTree = "<group>"; };
		4FFBA5BF216A5C7A00AD3AD6 /* WordCountTest.swift */ = {isa = PBXFileReference; lastKnownFileType = sourcecode.swift; path = WordCountTest.swift; sourceTree = "<group>"; };
		4FFBA608216A97CF00AD3AD6 /* Suggestion.swift */ = {isa = PBXFileReference; lastKnownFileType = sourcecode.swift; path = Suggestion.swift; sourceTree = "<group>"; };
		4FFBA60A216A9D8E00AD3AD6 /* SuggestionsFetchedResultsControllerWrapper.swift */ = {isa = PBXFileReference; lastKnownFileType = sourcecode.swift; path = SuggestionsFetchedResultsControllerWrapper.swift; sourceTree = "<group>"; };
		4FFBA613216AB88100AD3AD6 /* userdata.xcdatamodel */ = {isa = PBXFileReference; lastKnownFileType = wrapper.xcdatamodel; path = userdata.xcdatamodel; sourceTree = "<group>"; };
		4FFBA615216D4EDF00AD3AD6 /* ThesaurusQueryResult.swift */ = {isa = PBXFileReference; lastKnownFileType = sourcecode.swift; path = ThesaurusQueryResult.swift; sourceTree = "<group>"; };
/* End PBXFileReference section */

/* Begin PBXFrameworksBuildPhase section */
		4F2CE7FE21AA980400EB2AF3 /* Frameworks */ = {
			isa = PBXFrameworksBuildPhase;
			buildActionMask = 2147483647;
			files = (
			);
			runOnlyForDeploymentPostprocessing = 0;
		};
		4F2CE82A21AADA8900EB2AF3 /* Frameworks */ = {
			isa = PBXFrameworksBuildPhase;
			buildActionMask = 2147483647;
			files = (
				4F2CE82F21AADA8900EB2AF3 /* NotificationCenter.framework in Frameworks */,
			);
			runOnlyForDeploymentPostprocessing = 0;
		};
		4F3197552167E4A800135FF4 /* Frameworks */ = {
			isa = PBXFrameworksBuildPhase;
			buildActionMask = 2147483647;
			files = (
			);
			runOnlyForDeploymentPostprocessing = 0;
		};
		4F6613CF2164D10700FA10A1 /* Frameworks */ = {
			isa = PBXFrameworksBuildPhase;
			buildActionMask = 2147483647;
			files = (
				4F2CE80821AA980400EB2AF3 /* PoetAssistantLexiconsFramework.framework in Frameworks */,
			);
			runOnlyForDeploymentPostprocessing = 0;
		};
		4FEB03CB2179047200CF8B49 /* Frameworks */ = {
			isa = PBXFrameworksBuildPhase;
			buildActionMask = 2147483647;
			files = (
			);
			runOnlyForDeploymentPostprocessing = 0;
		};
/* End PBXFrameworksBuildPhase section */

/* Begin PBXGroup section */
		4F15B04A217342380072C8BC /* tts */ = {
			isa = PBXGroup;
			children = (
				4F15B04B217342560072C8BC /* Tts.swift */,
				4F698A1B21737AD500CD6CB3 /* VoiceList.swift */,
				4FEF0689217BCC2D00D69383 /* TtsPlayButtonConnector.swift */,
			);
			path = tts;
			sourceTree = "<group>";
		};
		4F1C93D1218C943000469CD5 /* favorites */ = {
			isa = PBXGroup;
			children = (
				4F1C93D2218C944700469CD5 /* model */,
				4F1C93D3218C945300469CD5 /* controller */,
				4F1C93D4218C949500469CD5 /* view */,
			);
			path = favorites;
			sourceTree = "<group>";
		};
		4F1C93D2218C944700469CD5 /* model */ = {
			isa = PBXGroup;
			children = (
				4F1C93C9218BA71600469CD5 /* Favorite.swift */,
			);
			path = model;
			sourceTree = "<group>";
		};
		4F1C93D3218C945300469CD5 /* controller */ = {
			isa = PBXGroup;
			children = (
				4F1C93CB218BAADF00469CD5 /* FavoritesViewController.swift */,
				4F1C93CD218C5D7300469CD5 /* FavoriteDelegate.swift */,
			);
			path = controller;
			sourceTree = "<group>";
		};
		4F1C93D4218C949500469CD5 /* view */ = {
			isa = PBXGroup;
			children = (
				4F1C93D5218C94B200469CD5 /* FavoriteButtonHelper.swift */,
			);
			path = view;
			sourceTree = "<group>";
		};
		4F2CE7E921AA954E00EB2AF3 /* Frameworks */ = {
			isa = PBXGroup;
			children = (
				4F2CE82E21AADA8900EB2AF3 /* NotificationCenter.framework */,
			);
			name = Frameworks;
			sourceTree = "<group>";
		};
		4F2CE80221AA980400EB2AF3 /* PoetAssistantLexiconsFramework */ = {
			isa = PBXGroup;
			children = (
				4F588BED21B1C93C000DA76F /* src */,
				4F2CE84A21AB279D00EB2AF3 /* en.lproj */,
				4F2CE80421AA980400EB2AF3 /* Info.plist */,
			);
			path = PoetAssistantLexiconsFramework;
			sourceTree = "<group>";
		};
		4F2CE80E21AA983100EB2AF3 /* lexicons */ = {
			isa = PBXGroup;
			children = (
				4F3197522167D59A00135FF4 /* PorterStemmer.swift */,
				4F2CE81F21AAA59000EB2AF3 /* rhymer */,
				4F2CE81E21AAA56900EB2AF3 /* thesaurus */,
				4FFB97F8216EA09E000469F0 /* PartOfSpeech.swift */,
				4FEB03B52177B70E00CF8B49 /* Stems.swift */,
				4F2CE81321AAA17500EB2AF3 /* coredata */,
				4F2CE80F21AA984100EB2AF3 /* dictionary */,
			);
			path = lexicons;
			sourceTree = "<group>";
		};
		4F2CE80F21AA984100EB2AF3 /* dictionary */ = {
			isa = PBXGroup;
			children = (
				4F6614082165345200FA10A1 /* Dictionary.swift */,
				4FFB97F6216EA070000469F0 /* DictionaryQueryResult.swift */,
			);
			path = dictionary;
			sourceTree = "<group>";
		};
		4F2CE81021AA9CFF00EB2AF3 /* wotd */ = {
			isa = PBXGroup;
			children = (
				4F2CE7D921A98D4100EB2AF3 /* Random.swift */,
				4F2CE7DB21A98F8B00EB2AF3 /* Wotd.swift */,
			);
			path = wotd;
			sourceTree = "<group>";
		};
		4F2CE81321AAA17500EB2AF3 /* coredata */ = {
			isa = PBXGroup;
			children = (
				4F66140021652F6C00FA10A1 /* EmbeddedDb.swift */,
				4F6613FA2165295400FA10A1 /* dictionaries.xcdatamodeld */,
				4F6613FD21652F2200FA10A1 /* dictionaries.sqlite */,
				4F2CE81421AAA18600EB2AF3 /* CoreDataAccess.swift */,
			);
			path = coredata;
			sourceTree = "<group>";
		};
		4F2CE81E21AAA56900EB2AF3 /* thesaurus */ = {
			isa = PBXGroup;
			children = (
				4F3197462167131200135FF4 /* ThesaurusResultsFetcher.swift */,
				4FFBA615216D4EDF00AD3AD6 /* ThesaurusQueryResult.swift */,
				4F3197442167129400135FF4 /* Thesaurus.swift */,
			);
			path = thesaurus;
			sourceTree = "<group>";
		};
		4F2CE81F21AAA59000EB2AF3 /* rhymer */ = {
			isa = PBXGroup;
			children = (
				4F31973C2166C79600135FF4 /* RhymeFetcher.swift */,
				4F31973A2166C28700135FF4 /* WordVariants.swift */,
			);
			path = rhymer;
			sourceTree = "<group>";
		};
		4F2CE83021AADA8900EB2AF3 /* PoetAssistantTodayExtension */ = {
			isa = PBXGroup;
			children = (
				4F588BEA21B0B5E2000DA76F /* src */,
				4F2CE85121AB2A6A00EB2AF3 /* en.lproj */,
				4F2CE83D21AADAD500EB2AF3 /* PoetAssistantTodayExtension.entitlements */,
				4F2CE83321AADA8900EB2AF3 /* MainInterface.storyboard */,
				4F2CE83621AADA8900EB2AF3 /* Info.plist */,
			);
			path = PoetAssistantTodayExtension;
			sourceTree = SOURCE_ROOT;
		};
		4F2CE84021AB104300EB2AF3 /* i18n */ = {
			isa = PBXGroup;
			children = (
				4F2CE84121AB105600EB2AF3 /* Localization.swift */,
			);
			path = i18n;
			sourceTree = "<group>";
		};
		4F3197392166C0EF00135FF4 /* controller */ = {
			isa = PBXGroup;
			children = (
				4F6613D72164D10700FA10A1 /* RhymerViewController.swift */,
			);
			path = controller;
			sourceTree = "<group>";
		};
		4F3197422167126300135FF4 /* controller */ = {
			isa = PBXGroup;
			children = (
				4F6613D92164D10700FA10A1 /* ThesaurusViewController.swift */,
			);
			path = controller;
			sourceTree = "<group>";
		};
		4F3197432167127100135FF4 /* view */ = {
			isa = PBXGroup;
			children = (
				4F31974A2167284800135FF4 /* ThesaurusRelationshipViewCell.swift */,
			);
			path = view;
			sourceTree = "<group>";
		};
		4F3197592167E4A800135FF4 /* PoetAssistantTests */ = {
			isa = PBXGroup;
			children = (
				4F31975C2167E4A800135FF4 /* Info.plist */,
				4F3197622167E4ED00135FF4 /* PorterStemmerTest.swift */,
				4FFBA5BF216A5C7A00AD3AD6 /* WordCountTest.swift */,
				4FEB03B72177BB7100CF8B49 /* StemsTest.swift */,
				4FEF06C321851C0D00D69383 /* FileUtilsTest.swift */,
				4F2CE7DD21A994E700EB2AF3 /* WotdTest.swift */,
			);
			path = PoetAssistantTests;
			sourceTree = "<group>";
		};
		4F588BCA21ACA461000DA76F /* testhelpers */ = {
			isa = PBXGroup;
			children = (
				4F588BC821ACA34B000DA76F /* SearchResultAssertions.swift */,
				4FEB03DA217942C000CF8B49 /* UITestUtils.swift */,
				4F588BCB21ACA47D000DA76F /* UITestNavigation.swift */,
				4F588BCD21ACA4F1000DA76F /* UITestActions.swift */,
				4F588BCF21ACA5AF000DA76F /* UITestWaitHacks.swift */,
			);
			path = testhelpers;
			sourceTree = "<group>";
		};
		4F588BEA21B0B5E2000DA76F /* src */ = {
			isa = PBXGroup;
			children = (
				4F588BEC21B0B61C000DA76F /* controller */,
				4F588BEB21B0B5FF000DA76F /* model */,
			);
			path = src;
			sourceTree = "<group>";
		};
		4F588BEB21B0B5FF000DA76F /* model */ = {
			isa = PBXGroup;
			children = (
				4F2CE85421AB39C600EB2AF3 /* WidgetData.swift */,
				4F2CE85621AB3D5800EB2AF3 /* WidgetDataRepository.swift */,
			);
			path = model;
			sourceTree = "<group>";
		};
		4F588BEC21B0B61C000DA76F /* controller */ = {
			isa = PBXGroup;
			children = (
				4F2CE83121AADA8900EB2AF3 /* TodayViewController.swift */,
			);
			path = controller;
			sourceTree = "<group>";
		};
		4F588BED21B1C93C000DA76F /* src */ = {
			isa = PBXGroup;
			children = (
				4F2CE80321AA980400EB2AF3 /* PoetAssistantLexiconsFramework.h */,
				4F2CE84021AB104300EB2AF3 /* i18n */,
				4F2CE81021AA9CFF00EB2AF3 /* wotd */,
				4F2CE80E21AA983100EB2AF3 /* lexicons */,
			);
			path = src;
			sourceTree = "<group>";
		};
		4F6613C92164D10700FA10A1 = {
			isa = PBXGroup;
			children = (
				4F6613D42164D10700FA10A1 /* PoetAssistant */,
				4F3197592167E4A800135FF4 /* PoetAssistantTests */,
				4FEB03CF2179047200CF8B49 /* PoetAssistantUITests */,
				4F2CE80221AA980400EB2AF3 /* PoetAssistantLexiconsFramework */,
				4F2CE83021AADA8900EB2AF3 /* PoetAssistantTodayExtension */,
				4F2CE7E921AA954E00EB2AF3 /* Frameworks */,
				4F6613D32164D10700FA10A1 /* Products */,
			);
			sourceTree = "<group>";
		};
		4F6613D32164D10700FA10A1 /* Products */ = {
			isa = PBXGroup;
			children = (
				4F6613D22164D10700FA10A1 /* PoetAssistant.app */,
				4F3197582167E4A800135FF4 /* PoetAssistantTests.xctest */,
				4FEB03CE2179047200CF8B49 /* PoetAssistantUITests.xctest */,
				4F2CE80121AA980400EB2AF3 /* PoetAssistantLexiconsFramework.framework */,
				4F2CE82D21AADA8900EB2AF3 /* PoetAssistantTodayExtension.appex */,
			);
			name = Products;
			sourceTree = "<group>";
		};
		4F6613D42164D10700FA10A1 /* PoetAssistant */ = {
			isa = PBXGroup;
			children = (
				4F2CE81121AA9EF700EB2AF3 /* PoetAssistant.entitlements */,
				4F66141A2166501A00FA10A1 /* en.lproj */,
				4F6613EE2164FBEE00FA10A1 /* src */,
				4F6613DE2164D10800FA10A1 /* Assets.xcassets */,
				4F6613DB2164D10700FA10A1 /* Main.storyboard */,
				4FEF06BB2185087F00D69383 /* More.storyboard */,
				4FA229F321726C800014B1B9 /* Settings.storyboard */,
				4F6613E02164D10800FA10A1 /* LaunchScreen.storyboard */,
				4F6613E32164D10800FA10A1 /* Info.plist */,
			);
			path = PoetAssistant;
			sourceTree = "<group>";
		};
		4F6613EE2164FBEE00FA10A1 /* src */ = {
			isa = PBXGroup;
			children = (
				4FEF068D2182551600D69383 /* more */,
				4F6613F12164FC4700FA10A1 /* composer */,
				4F661405216533A600FA10A1 /* search */,
				4FFB98082172358A000469F0 /* settings */,
				4FFB980021722253000469F0 /* about */,
				4F15B04A217342380072C8BC /* tts */,
				4F661413216627BF00FA10A1 /* extensions */,
				4F6613F82165241D00FA10A1 /* TabBarController.swift */,
				4F31972A2166587100135FF4 /* Tab.swift */,
				4F3197662168C32800135FF4 /* Lexicon.swift */,
				4F6613D52164D10700FA10A1 /* AppDelegate.swift */,
				4FFBA612216AB88100AD3AD6 /* userdata.xcdatamodeld */,
			);
			path = src;
			sourceTree = "<group>";
		};
		4F6613F12164FC4700FA10A1 /* composer */ = {
			isa = PBXGroup;
			children = (
				4FFBA5BC216A540B00AD3AD6 /* model */,
				4FEF06B62184F3E300D69383 /* controller */,
			);
			path = composer;
			sourceTree = "<group>";
		};
		4F6613F22164FC5800FA10A1 /* rhymer */ = {
			isa = PBXGroup;
			children = (
				4F3197392166C0EF00135FF4 /* controller */,
			);
			path = rhymer;
			sourceTree = "<group>";
		};
		4F6613F32164FC6200FA10A1 /* thesaurus */ = {
			isa = PBXGroup;
			children = (
				4F3197432167127100135FF4 /* view */,
				4F3197422167126300135FF4 /* controller */,
			);
			path = thesaurus;
			sourceTree = "<group>";
		};
		4F6614022165318900FA10A1 /* dictionary */ = {
			isa = PBXGroup;
			children = (
				4F66141821663D9900FA10A1 /* view */,
				4F66141921663D9E00FA10A1 /* controller */,
			);
			path = dictionary;
			sourceTree = "<group>";
		};
		4F661405216533A600FA10A1 /* search */ = {
			isa = PBXGroup;
			children = (
				4F1C93D1218C943000469CD5 /* favorites */,
				4F6613F22164FC5800FA10A1 /* rhymer */,
				4F6613F32164FC6200FA10A1 /* thesaurus */,
				4F6614022165318900FA10A1 /* dictionary */,
				4FFBA606216A977B00AD3AD6 /* model */,
				4F698A222175421F00CD6CB3 /* view */,
				4FFBA607216A978B00AD3AD6 /* controller */,
			);
			path = search;
			sourceTree = "<group>";
		};
		4F661413216627BF00FA10A1 /* extensions */ = {
			isa = PBXGroup;
			children = (
				4F661414216627EB00FA10A1 /* UILabel+fontstyle.swift */,
				4F054B6A2196ADE300386FBC /* UINavigationController+statusBarStyle.swift */,
			);
			path = extensions;
			sourceTree = "<group>";
		};
		4F66141821663D9900FA10A1 /* view */ = {
			isa = PBXGroup;
			children = (
				4F66141021654FC200FA10A1 /* DictionaryTableViewCell.swift */,
			);
			path = view;
			sourceTree = "<group>";
		};
		4F66141921663D9E00FA10A1 /* controller */ = {
			isa = PBXGroup;
			children = (
				4F661403216531C800FA10A1 /* DictionaryViewController.swift */,
			);
			path = controller;
			sourceTree = "<group>";
		};
		4F698A1D21738F1500CD6CB3 /* view */ = {
			isa = PBXGroup;
			children = (
				4F698A1E21738F3600CD6CB3 /* VoiceTableViewCell.swift */,
			);
			path = view;
			sourceTree = "<group>";
		};
		4F698A222175421F00CD6CB3 /* view */ = {
			isa = PBXGroup;
			children = (
				4F1C93D9218DC58E00469CD5 /* RTDView.xib */,
				4F054B5E218DCA9F00386FBC /* RTDView.swift */,
				4F698A202175410200CD6CB3 /* RTDAnimator.swift */,
				4F054B60218DCE1000386FBC /* RTDTableViewCell.swift */,
				4F054B64218DE1AC00386FBC /* SearchResultHeaderView.swift */,
				4F054B66218DE24500386FBC /* SearchResultHeaderView.xib */,
			);
			path = view;
			sourceTree = "<group>";
		};
		4FEB03CF2179047200CF8B49 /* PoetAssistantUITests */ = {
			isa = PBXGroup;
			children = (
				4F588BCA21ACA461000DA76F /* testhelpers */,
				4FEB03D02179047200CF8B49 /* ComposerTest.swift */,
				4FEB03D22179047200CF8B49 /* Info.plist */,
				4FEB03D821792E1000CF8B49 /* SearchSuggestionsTest.swift */,
				4FEB03DC217B45D200CF8B49 /* RTDTest.swift */,
				4FEF0683217B83F000D69383 /* WordNotFoundTest.swift */,
				4FEF0685217B988000D69383 /* AboutTest.swift */,
				4FEF0687217BC41100D69383 /* TtsSettingsTest.swift */,
				4FEF06C12185110600D69383 /* FileTest.swift */,
				4F3849DD2185C75D00613B53 /* AppStoreScreenshots.swift */,
				4F3849E121890B9500613B53 /* ThemeTest.swift */,
				4F1C93D7218CFAB400469CD5 /* FavoritesTest.swift */,
				4F1189C7219870A100A4308C /* RhymerSettingsTest.swift */,
				4FD3B68D21A0746700EB3D89 /* ShareTest.swift */,
				4F588BC621AC9355000DA76F /* DeepLinkTest.swift */,
				4F588BD121B09FE5000DA76F /* TodayExtensionTest.swift */,
			);
			path = PoetAssistantUITests;
			sourceTree = "<group>";
		};
		4FEF068D2182551600D69383 /* more */ = {
			isa = PBXGroup;
			children = (
				4FEF068E2182551F00D69383 /* controller */,
			);
			path = more;
			sourceTree = "<group>";
		};
		4FEF068E2182551F00D69383 /* controller */ = {
			isa = PBXGroup;
			children = (
				4FEF068F2182554200D69383 /* MoreTableViewController.swift */,
			);
			path = controller;
			sourceTree = "<group>";
		};
		4FEF06B62184F3E300D69383 /* controller */ = {
			isa = PBXGroup;
			children = (
				4F6613EF2164FC2E00FA10A1 /* ComposerViewController.swift */,
				4FFB97FC2171E45C000469F0 /* ComposerViewController+menu.swift */,
				4FEF06B72184F40500D69383 /* ComposerViewController+MoreDelegate.swift */,
			);
			path = controller;
			sourceTree = "<group>";
		};
		4FFB980021722253000469F0 /* about */ = {
			isa = PBXGroup;
			children = (
				4FFB980121722274000469F0 /* AboutViewController.swift */,
			);
			path = about;
			sourceTree = "<group>";
		};
		4FFB98082172358A000469F0 /* settings */ = {
			isa = PBXGroup;
			children = (
				4FFB980E217245AF000469F0 /* model */,
				4F698A1D21738F1500CD6CB3 /* view */,
				4FFB980D217245A7000469F0 /* controller */,
			);
			path = settings;
			sourceTree = "<group>";
		};
		4FFB980D217245A7000469F0 /* controller */ = {
			isa = PBXGroup;
			children = (
				4FFB980B21724595000469F0 /* SettingsTableViewController.swift */,
				4F698A1921736B2B00CD6CB3 /* VoicesTableViewController.swift */,
			);
			path = controller;
			sourceTree = "<group>";
		};
		4FFB980E217245AF000469F0 /* model */ = {
			isa = PBXGroup;
			children = (
				4F31972E21666FCF00135FF4 /* Settings.swift */,
				4F3849DF2187970F00613B53 /* Theme.swift */,
			);
			path = model;
			sourceTree = "<group>";
		};
		4FFBA5BC216A540B00AD3AD6 /* model */ = {
			isa = PBXGroup;
			children = (
				4F6613F4216506B500FA10A1 /* PoemDocument.swift */,
				4FFBA5BD216A542500AD3AD6 /* WordCounter.swift */,
				4FEF06BF21850FFF00D69383 /* FileUtils.swift */,
			);
			path = model;
			sourceTree = "<group>";
		};
		4FFBA606216A977B00AD3AD6 /* model */ = {
			isa = PBXGroup;
			children = (
				4F3197502167A2D000135FF4 /* SectionInfo.swift */,
				4FFBA608216A97CF00AD3AD6 /* Suggestion.swift */,
				4FFBA60A216A9D8E00AD3AD6 /* SuggestionsFetchedResultsControllerWrapper.swift */,
				4F1C93CF218C6C9300469CD5 /* CoreDataNotificationHelper.swift */,
			);
			path = model;
			sourceTree = "<group>";
		};
		4FFBA607216A978B00AD3AD6 /* controller */ = {
			isa = PBXGroup;
			children = (
				4F661406216533CB00FA10A1 /* SearchSuggestionsController.swift */,
				4F3197362166A4A500135FF4 /* SearchResultsController.swift */,
				4F3197642168AD0F00135FF4 /* SearchViewController.swift */,
				4F31974E21679CFD00135FF4 /* RTDDelegate.swift */,
			);
			path = controller;
			sourceTree = "<group>";
		};
/* End PBXGroup section */

/* Begin PBXHeadersBuildPhase section */
		4F2CE7FC21AA980400EB2AF3 /* Headers */ = {
			isa = PBXHeadersBuildPhase;
			buildActionMask = 2147483647;
			files = (
				4F2CE80521AA980400EB2AF3 /* PoetAssistantLexiconsFramework.h in Headers */,
			);
			runOnlyForDeploymentPostprocessing = 0;
		};
/* End PBXHeadersBuildPhase section */

/* Begin PBXNativeTarget section */
		4F2CE80021AA980400EB2AF3 /* PoetAssistantLexiconsFramework */ = {
			isa = PBXNativeTarget;
			buildConfigurationList = 4F2CE80A21AA980400EB2AF3 /* Build configuration list for PBXNativeTarget "PoetAssistantLexiconsFramework" */;
			buildPhases = (
				4F2CE7FC21AA980400EB2AF3 /* Headers */,
				4F2CE7FD21AA980400EB2AF3 /* Sources */,
				4F2CE7FE21AA980400EB2AF3 /* Frameworks */,
				4F2CE7FF21AA980400EB2AF3 /* Resources */,
			);
			buildRules = (
			);
			dependencies = (
			);
			name = PoetAssistantLexiconsFramework;
			productName = PoetAssistantLexiconsFramework;
			productReference = 4F2CE80121AA980400EB2AF3 /* PoetAssistantLexiconsFramework.framework */;
			productType = "com.apple.product-type.framework";
		};
		4F2CE82C21AADA8900EB2AF3 /* PoetAssistantTodayExtension */ = {
			isa = PBXNativeTarget;
			buildConfigurationList = 4F2CE83A21AADA8900EB2AF3 /* Build configuration list for PBXNativeTarget "PoetAssistantTodayExtension" */;
			buildPhases = (
				4F2CE82921AADA8900EB2AF3 /* Sources */,
				4F2CE82A21AADA8900EB2AF3 /* Frameworks */,
				4F2CE82B21AADA8900EB2AF3 /* Resources */,
			);
			buildRules = (
			);
			dependencies = (
				4F588BC521AB60D7000DA76F /* PBXTargetDependency */,
			);
			name = PoetAssistantTodayExtension;
			productName = PoetAssistantTodayExtension;
			productReference = 4F2CE82D21AADA8900EB2AF3 /* PoetAssistantTodayExtension.appex */;
			productType = "com.apple.product-type.app-extension";
		};
		4F3197572167E4A800135FF4 /* PoetAssistantTests */ = {
			isa = PBXNativeTarget;
			buildConfigurationList = 4F31975F2167E4A800135FF4 /* Build configuration list for PBXNativeTarget "PoetAssistantTests" */;
			buildPhases = (
				4F3197542167E4A800135FF4 /* Sources */,
				4F3197552167E4A800135FF4 /* Frameworks */,
				4F3197562167E4A800135FF4 /* Resources */,
			);
			buildRules = (
			);
			dependencies = (
				4F31975E2167E4A800135FF4 /* PBXTargetDependency */,
			);
			name = PoetAssistantTests;
			productName = PoetAssistantTests;
			productReference = 4F3197582167E4A800135FF4 /* PoetAssistantTests.xctest */;
			productType = "com.apple.product-type.bundle.unit-test";
		};
		4F6613D12164D10700FA10A1 /* PoetAssistant */ = {
			isa = PBXNativeTarget;
			buildConfigurationList = 4F6613E62164D10800FA10A1 /* Build configuration list for PBXNativeTarget "PoetAssistant" */;
			buildPhases = (
				4F6613CE2164D10700FA10A1 /* Sources */,
				4F6613CF2164D10700FA10A1 /* Frameworks */,
				4F6613D02164D10700FA10A1 /* Resources */,
				4F2CE7FB21AA954E00EB2AF3 /* Embed App Extensions */,
				4F2CE80D21AA980400EB2AF3 /* Embed Frameworks */,
			);
			buildRules = (
			);
			dependencies = (
				4F2CE80721AA980400EB2AF3 /* PBXTargetDependency */,
				4F2CE83821AADA8900EB2AF3 /* PBXTargetDependency */,
			);
			name = PoetAssistant;
			productName = PoetAssistant;
			productReference = 4F6613D22164D10700FA10A1 /* PoetAssistant.app */;
			productType = "com.apple.product-type.application";
		};
		4FEB03CD2179047200CF8B49 /* PoetAssistantUITests */ = {
			isa = PBXNativeTarget;
			buildConfigurationList = 4FEB03D72179047200CF8B49 /* Build configuration list for PBXNativeTarget "PoetAssistantUITests" */;
			buildPhases = (
				4FEB03CA2179047200CF8B49 /* Sources */,
				4FEB03CB2179047200CF8B49 /* Frameworks */,
				4FEB03CC2179047200CF8B49 /* Resources */,
			);
			buildRules = (
			);
			dependencies = (
				4FEB03D42179047200CF8B49 /* PBXTargetDependency */,
			);
			name = PoetAssistantUITests;
			productName = PoetAssistantUITests;
			productReference = 4FEB03CE2179047200CF8B49 /* PoetAssistantUITests.xctest */;
			productType = "com.apple.product-type.bundle.ui-testing";
		};
/* End PBXNativeTarget section */

/* Begin PBXProject section */
		4F6613CA2164D10700FA10A1 /* Project object */ = {
			isa = PBXProject;
			attributes = {
				LastSwiftUpdateCheck = 1010;
				LastUpgradeCheck = 1010;
				ORGANIZATIONNAME = "Carmen Alvarez";
				TargetAttributes = {
					4F2CE80021AA980400EB2AF3 = {
						CreatedOnToolsVersion = 10.1;
						LastSwiftMigration = 1010;
					};
					4F2CE82C21AADA8900EB2AF3 = {
						CreatedOnToolsVersion = 10.1;
						SystemCapabilities = {
							com.apple.ApplicationGroups.iOS = {
								enabled = 1;
							};
						};
					};
					4F3197572167E4A800135FF4 = {
						CreatedOnToolsVersion = 10.0;
						TestTargetID = 4F6613D12164D10700FA10A1;
					};
					4F6613D12164D10700FA10A1 = {
						CreatedOnToolsVersion = 10.0;
						SystemCapabilities = {
							com.apple.ApplicationGroups.iOS = {
								enabled = 1;
							};
						};
					};
					4FEB03CD2179047200CF8B49 = {
						CreatedOnToolsVersion = 10.0;
						TestTargetID = 4F6613D12164D10700FA10A1;
					};
				};
			};
			buildConfigurationList = 4F6613CD2164D10700FA10A1 /* Build configuration list for PBXProject "PoetAssistant" */;
			compatibilityVersion = "Xcode 9.3";
			developmentRegion = en;
			hasScannedForEncodings = 0;
			knownRegions = (
				en,
				Base,
			);
			mainGroup = 4F6613C92164D10700FA10A1;
			productRefGroup = 4F6613D32164D10700FA10A1 /* Products */;
			projectDirPath = "";
			projectRoot = "";
			targets = (
				4F6613D12164D10700FA10A1 /* PoetAssistant */,
				4F3197572167E4A800135FF4 /* PoetAssistantTests */,
				4FEB03CD2179047200CF8B49 /* PoetAssistantUITests */,
				4F2CE80021AA980400EB2AF3 /* PoetAssistantLexiconsFramework */,
				4F2CE82C21AADA8900EB2AF3 /* PoetAssistantTodayExtension */,
			);
		};
/* End PBXProject section */

/* Begin PBXResourcesBuildPhase section */
		4F2CE7FF21AA980400EB2AF3 /* Resources */ = {
			isa = PBXResourcesBuildPhase;
			buildActionMask = 2147483647;
			files = (
				4F798F3321B1CAA200CB4C25 /* dictionaries.sqlite in Resources */,
				4F2CE84B21AB279D00EB2AF3 /* en.lproj in Resources */,
			);
			runOnlyForDeploymentPostprocessing = 0;
		};
		4F2CE82B21AADA8900EB2AF3 /* Resources */ = {
			isa = PBXResourcesBuildPhase;
			buildActionMask = 2147483647;
			files = (
				4F2CE83521AADA8900EB2AF3 /* MainInterface.storyboard in Resources */,
				4F2CE85221AB2A6A00EB2AF3 /* en.lproj in Resources */,
			);
			runOnlyForDeploymentPostprocessing = 0;
		};
		4F3197562167E4A800135FF4 /* Resources */ = {
			isa = PBXResourcesBuildPhase;
			buildActionMask = 2147483647;
			files = (
			);
			runOnlyForDeploymentPostprocessing = 0;
		};
		4F6613D02164D10700FA10A1 /* Resources */ = {
			isa = PBXResourcesBuildPhase;
			buildActionMask = 2147483647;
			files = (
				4F6613E22164D10800FA10A1 /* LaunchScreen.storyboard in Resources */,
				4FA229F121726C800014B1B9 /* Settings.storyboard in Resources */,
				4FEF06B92185087F00D69383 /* More.storyboard in Resources */,
				4F6613DF2164D10800FA10A1 /* Assets.xcassets in Resources */,
				4F66141B2166501A00FA10A1 /* en.lproj in Resources */,
				4F054B67218DE24500386FBC /* SearchResultHeaderView.xib in Resources */,
				4F1C93DA218DC58E00469CD5 /* RTDView.xib in Resources */,
				4F6613DD2164D10700FA10A1 /* Main.storyboard in Resources */,
			);
			runOnlyForDeploymentPostprocessing = 0;
		};
		4FEB03CC2179047200CF8B49 /* Resources */ = {
			isa = PBXResourcesBuildPhase;
			buildActionMask = 2147483647;
			files = (
			);
			runOnlyForDeploymentPostprocessing = 0;
		};
/* End PBXResourcesBuildPhase section */

/* Begin PBXSourcesBuildPhase section */
		4F2CE7FD21AA980400EB2AF3 /* Sources */ = {
			isa = PBXSourcesBuildPhase;
			buildActionMask = 2147483647;
			files = (
				4F2CE82021AAA5D700EB2AF3 /* WordVariants.swift in Sources */,
				4F2CE82121AAA5D700EB2AF3 /* Thesaurus.swift in Sources */,
				4F2CE81C21AAA54600EB2AF3 /* PartOfSpeech.swift in Sources */,
				4F2CE82321AAA63100EB2AF3 /* PorterStemmer.swift in Sources */,
				4F2CE82521AAA67600EB2AF3 /* ThesaurusResultsFetcher.swift in Sources */,
				4F2CE82221AAA5F000EB2AF3 /* RhymeFetcher.swift in Sources */,
				4F2CE84221AB105600EB2AF3 /* Localization.swift in Sources */,
				4F2CE81D21AAA54600EB2AF3 /* Stems.swift in Sources */,
				4F2CE81B21AAA4AE00EB2AF3 /* dictionaries.xcdatamodeld in Sources */,
				4F2CE81721AAA43600EB2AF3 /* Random.swift in Sources */,
				4F2CE81821AAA43600EB2AF3 /* Wotd.swift in Sources */,
				4F2CE81921AAA43600EB2AF3 /* Dictionary.swift in Sources */,
				4F2CE82421AAA64900EB2AF3 /* ThesaurusQueryResult.swift in Sources */,
				4F2CE81A21AAA43600EB2AF3 /* DictionaryQueryResult.swift in Sources */,
				4F2CE81521AAA18600EB2AF3 /* CoreDataAccess.swift in Sources */,
				4F2CE81621AAA21900EB2AF3 /* EmbeddedDb.swift in Sources */,
			);
			runOnlyForDeploymentPostprocessing = 0;
		};
		4F2CE82921AADA8900EB2AF3 /* Sources */ = {
			isa = PBXSourcesBuildPhase;
			buildActionMask = 2147483647;
			files = (
				4F2CE83221AADA8900EB2AF3 /* TodayViewController.swift in Sources */,
				4F2CE85721AB3D5800EB2AF3 /* WidgetDataRepository.swift in Sources */,
				4F2CE85521AB39C600EB2AF3 /* WidgetData.swift in Sources */,
			);
			runOnlyForDeploymentPostprocessing = 0;
		};
		4F3197542167E4A800135FF4 /* Sources */ = {
			isa = PBXSourcesBuildPhase;
			buildActionMask = 2147483647;
			files = (
				4F3197632167E4ED00135FF4 /* PorterStemmerTest.swift in Sources */,
				4F2CE7DE21A994E700EB2AF3 /* WotdTest.swift in Sources */,
				4FFBA5C0216A5C7A00AD3AD6 /* WordCountTest.swift in Sources */,
				4FEB03B82177BB7100CF8B49 /* StemsTest.swift in Sources */,
				4FEF06C421851C0D00D69383 /* FileUtilsTest.swift in Sources */,
			);
			runOnlyForDeploymentPostprocessing = 0;
		};
		4F6613CE2164D10700FA10A1 /* Sources */ = {
			isa = PBXSourcesBuildPhase;
			buildActionMask = 2147483647;
			files = (
				4F3197652168AD0F00135FF4 /* SearchViewController.swift in Sources */,
				4F661404216531C800FA10A1 /* DictionaryViewController.swift in Sources */,
				4F6613DA2164D10700FA10A1 /* ThesaurusViewController.swift in Sources */,
				4FEF06B82184F40500D69383 /* ComposerViewController+MoreDelegate.swift in Sources */,
				4F054B6B2196ADE300386FBC /* UINavigationController+statusBarStyle.swift in Sources */,
				4F66141121654FC200FA10A1 /* DictionaryTableViewCell.swift in Sources */,
				4F15B04C217342560072C8BC /* Tts.swift in Sources */,
				4F1C93CC218BAADF00469CD5 /* FavoritesViewController.swift in Sources */,
				4F1C93CE218C5D7300469CD5 /* FavoriteDelegate.swift in Sources */,
				4F661415216627EB00FA10A1 /* UILabel+fontstyle.swift in Sources */,
				4F3849E02187970F00613B53 /* Theme.swift in Sources */,
				4FFBA609216A97CF00AD3AD6 /* Suggestion.swift in Sources */,
				4F1C93D6218C94B200469CD5 /* FavoriteButtonHelper.swift in Sources */,
				4F6613D62164D10700FA10A1 /* AppDelegate.swift in Sources */,
				4FFBA5BE216A542500AD3AD6 /* WordCounter.swift in Sources */,
				4FFBA60B216A9D8E00AD3AD6 /* SuggestionsFetchedResultsControllerWrapper.swift in Sources */,
				4F31972F21666FCF00135FF4 /* Settings.swift in Sources */,
				4F698A1A21736B2B00CD6CB3 /* VoicesTableViewController.swift in Sources */,
				4F698A212175410200CD6CB3 /* RTDAnimator.swift in Sources */,
				4F698A1F21738F3600CD6CB3 /* VoiceTableViewCell.swift in Sources */,
				4F3197372166A4A500135FF4 /* SearchResultsController.swift in Sources */,
				4F6613F02164FC2E00FA10A1 /* ComposerViewController.swift in Sources */,
				4F054B65218DE1AC00386FBC /* SearchResultHeaderView.swift in Sources */,
				4F31974B2167284800135FF4 /* ThesaurusRelationshipViewCell.swift in Sources */,
				4F3197512167A2D000135FF4 /* SectionInfo.swift in Sources */,
				4FEF06C021850FFF00D69383 /* FileUtils.swift in Sources */,
				4FFB97FD2171E45C000469F0 /* ComposerViewController+menu.swift in Sources */,
				4F6613F5216506B500FA10A1 /* PoemDocument.swift in Sources */,
				4F054B61218DCE1000386FBC /* RTDTableViewCell.swift in Sources */,
				4F6613F92165241D00FA10A1 /* TabBarController.swift in Sources */,
				4FFB980221722274000469F0 /* AboutViewController.swift in Sources */,
				4F31972B2166587100135FF4 /* Tab.swift in Sources */,
				4FEF06902182554200D69383 /* MoreTableViewController.swift in Sources */,
				4F698A1C21737AD500CD6CB3 /* VoiceList.swift in Sources */,
				4F31974F21679CFD00135FF4 /* RTDDelegate.swift in Sources */,
				4FFBA614216AB88100AD3AD6 /* userdata.xcdatamodeld in Sources */,
				4F3197672168C32800135FF4 /* Lexicon.swift in Sources */,
				4F054B5F218DCA9F00386FBC /* RTDView.swift in Sources */,
				4F1C93CA218BA71600469CD5 /* Favorite.swift in Sources */,
				4F1C93D0218C6C9300469CD5 /* CoreDataNotificationHelper.swift in Sources */,
				4FFB980C21724595000469F0 /* SettingsTableViewController.swift in Sources */,
				4F6613D82164D10700FA10A1 /* RhymerViewController.swift in Sources */,
				4F661407216533CB00FA10A1 /* SearchSuggestionsController.swift in Sources */,
				4FEF068A217BCC2D00D69383 /* TtsPlayButtonConnector.swift in Sources */,
			);
			runOnlyForDeploymentPostprocessing = 0;
		};
		4FEB03CA2179047200CF8B49 /* Sources */ = {
			isa = PBXSourcesBuildPhase;
			buildActionMask = 2147483647;
			files = (
				4F1C93D8218CFAB400469CD5 /* FavoritesTest.swift in Sources */,
				4FEF0688217BC41100D69383 /* TtsSettingsTest.swift in Sources */,
				4FEF06C22185110600D69383 /* FileTest.swift in Sources */,
				4FEB03DD217B45D200CF8B49 /* RTDTest.swift in Sources */,
				4FD3B68E21A0746700EB3D89 /* ShareTest.swift in Sources */,
				4F588BD021ACA5AF000DA76F /* UITestWaitHacks.swift in Sources */,
				4F3849E221890B9500613B53 /* ThemeTest.swift in Sources */,
				4FEF0686217B988000D69383 /* AboutTest.swift in Sources */,
				4FEB03DB217942C000CF8B49 /* UITestUtils.swift in Sources */,
				4F588BC921ACA34B000DA76F /* SearchResultAssertions.swift in Sources */,
				4FEB03D12179047200CF8B49 /* ComposerTest.swift in Sources */,
				4F588BC721AC9355000DA76F /* DeepLinkTest.swift in Sources */,
				4FEF0684217B83F000D69383 /* WordNotFoundTest.swift in Sources */,
				4FEB03D921792E1000CF8B49 /* SearchSuggestionsTest.swift in Sources */,
				4F3849DE2185C75D00613B53 /* AppStoreScreenshots.swift in Sources */,
				4F588BD221B09FE5000DA76F /* TodayExtensionTest.swift in Sources */,
				4F1189C8219870A100A4308C /* RhymerSettingsTest.swift in Sources */,
				4F588BCE21ACA4F1000DA76F /* UITestActions.swift in Sources */,
				4F588BCC21ACA47D000DA76F /* UITestNavigation.swift in Sources */,
			);
			runOnlyForDeploymentPostprocessing = 0;
		};
/* End PBXSourcesBuildPhase section */

/* Begin PBXTargetDependency section */
		4F2CE80721AA980400EB2AF3 /* PBXTargetDependency */ = {
			isa = PBXTargetDependency;
			target = 4F2CE80021AA980400EB2AF3 /* PoetAssistantLexiconsFramework */;
			targetProxy = 4F2CE80621AA980400EB2AF3 /* PBXContainerItemProxy */;
		};
		4F2CE83821AADA8900EB2AF3 /* PBXTargetDependency */ = {
			isa = PBXTargetDependency;
			target = 4F2CE82C21AADA8900EB2AF3 /* PoetAssistantTodayExtension */;
			targetProxy = 4F2CE83721AADA8900EB2AF3 /* PBXContainerItemProxy */;
		};
		4F31975E2167E4A800135FF4 /* PBXTargetDependency */ = {
			isa = PBXTargetDependency;
			target = 4F6613D12164D10700FA10A1 /* PoetAssistant */;
			targetProxy = 4F31975D2167E4A800135FF4 /* PBXContainerItemProxy */;
		};
		4F588BC521AB60D7000DA76F /* PBXTargetDependency */ = {
			isa = PBXTargetDependency;
			target = 4F2CE80021AA980400EB2AF3 /* PoetAssistantLexiconsFramework */;
			targetProxy = 4F588BC421AB60D7000DA76F /* PBXContainerItemProxy */;
		};
		4FEB03D42179047200CF8B49 /* PBXTargetDependency */ = {
			isa = PBXTargetDependency;
			target = 4F6613D12164D10700FA10A1 /* PoetAssistant */;
			targetProxy = 4FEB03D32179047200CF8B49 /* PBXContainerItemProxy */;
		};
/* End PBXTargetDependency section */

/* Begin PBXVariantGroup section */
		4F2CE83321AADA8900EB2AF3 /* MainInterface.storyboard */ = {
			isa = PBXVariantGroup;
			children = (
				4F2CE83421AADA8900EB2AF3 /* Base */,
			);
			name = MainInterface.storyboard;
			sourceTree = "<group>";
		};
		4F6613DB2164D10700FA10A1 /* Main.storyboard */ = {
			isa = PBXVariantGroup;
			children = (
				4F6613DC2164D10700FA10A1 /* Base */,
				4F6613EA2164D21200FA10A1 /* en */,
			);
			name = Main.storyboard;
			sourceTree = "<group>";
		};
		4F6613E02164D10800FA10A1 /* LaunchScreen.storyboard */ = {
			isa = PBXVariantGroup;
			children = (
				4F6613E12164D10800FA10A1 /* Base */,
			);
			name = LaunchScreen.storyboard;
			sourceTree = "<group>";
		};
		4F6613FD21652F2200FA10A1 /* dictionaries.sqlite */ = {
			isa = PBXVariantGroup;
			children = (
				4F6613FE21652F2200FA10A1 /* Base */,
			);
			name = dictionaries.sqlite;
			path = /Users/calvarez/dev/projects/PoetAssistant/PoetAssistantLexiconsFramework/src/lexicons/coredata;
			sourceTree = "<absolute>";
		};
		4FA229F321726C800014B1B9 /* Settings.storyboard */ = {
			isa = PBXVariantGroup;
			children = (
				4FA229F221726C800014B1B9 /* Base */,
				4FA229F521726C8D0014B1B9 /* en */,
			);
			name = Settings.storyboard;
			sourceTree = "<group>";
		};
		4FEF06BB2185087F00D69383 /* More.storyboard */ = {
			isa = PBXVariantGroup;
			children = (
				4FEF06BC2185089A00D69383 /* Base */,
				4FEF06BE21850A4700D69383 /* en */,
			);
			name = More.storyboard;
			sourceTree = "<group>";
		};
/* End PBXVariantGroup section */

/* Begin XCBuildConfiguration section */
		4F2CE80B21AA980400EB2AF3 /* Debug */ = {
			isa = XCBuildConfiguration;
			buildSettings = {
				APPLICATION_EXTENSION_API_ONLY = YES;
				CLANG_ENABLE_MODULES = YES;
				CODE_SIGN_IDENTITY = "";
				CODE_SIGN_STYLE = Automatic;
				CURRENT_PROJECT_VERSION = 1;
				DEFINES_MODULE = YES;
				DEVELOPMENT_TEAM = F5C7EM458Y;
				DYLIB_COMPATIBILITY_VERSION = 1;
				DYLIB_CURRENT_VERSION = 1;
				DYLIB_INSTALL_NAME_BASE = "@rpath";
				INFOPLIST_FILE = PoetAssistantLexiconsFramework/Info.plist;
				INSTALL_PATH = "$(LOCAL_LIBRARY_DIR)/Frameworks";
				IPHONEOS_DEPLOYMENT_TARGET = 11.0;
				LD_RUNPATH_SEARCH_PATHS = (
					"$(inherited)",
					"@executable_path/Frameworks",
					"@loader_path/Frameworks",
				);
				PRODUCT_BUNDLE_IDENTIFIER = ca.rmen.ios.poetassistant.lexiconsframework;
				PRODUCT_NAME = "$(TARGET_NAME:c99extidentifier)";
				SKIP_INSTALL = YES;
				SWIFT_OPTIMIZATION_LEVEL = "-Onone";
				SWIFT_VERSION = 4.2;
				TARGETED_DEVICE_FAMILY = "1,2";
				VERSIONING_SYSTEM = "apple-generic";
				VERSION_INFO_PREFIX = "";
			};
			name = Debug;
		};
		4F2CE80C21AA980400EB2AF3 /* Release */ = {
			isa = XCBuildConfiguration;
			buildSettings = {
				APPLICATION_EXTENSION_API_ONLY = YES;
				CLANG_ENABLE_MODULES = YES;
				CODE_SIGN_IDENTITY = "";
				CODE_SIGN_STYLE = Automatic;
				CURRENT_PROJECT_VERSION = 1;
				DEFINES_MODULE = YES;
				DEVELOPMENT_TEAM = F5C7EM458Y;
				DYLIB_COMPATIBILITY_VERSION = 1;
				DYLIB_CURRENT_VERSION = 1;
				DYLIB_INSTALL_NAME_BASE = "@rpath";
				INFOPLIST_FILE = PoetAssistantLexiconsFramework/Info.plist;
				INSTALL_PATH = "$(LOCAL_LIBRARY_DIR)/Frameworks";
				IPHONEOS_DEPLOYMENT_TARGET = 11.0;
				LD_RUNPATH_SEARCH_PATHS = (
					"$(inherited)",
					"@executable_path/Frameworks",
					"@loader_path/Frameworks",
				);
				PRODUCT_BUNDLE_IDENTIFIER = ca.rmen.ios.poetassistant.lexiconsframework;
				PRODUCT_NAME = "$(TARGET_NAME:c99extidentifier)";
				SKIP_INSTALL = YES;
				SWIFT_VERSION = 4.2;
				TARGETED_DEVICE_FAMILY = "1,2";
				VERSIONING_SYSTEM = "apple-generic";
				VERSION_INFO_PREFIX = "";
			};
			name = Release;
		};
		4F2CE83B21AADA8900EB2AF3 /* Debug */ = {
			isa = XCBuildConfiguration;
			buildSettings = {
				CODE_SIGN_ENTITLEMENTS = PoetAssistantTodayExtension/PoetAssistantTodayExtension.entitlements;
				CODE_SIGN_IDENTITY = "iPhone Developer";
				CODE_SIGN_STYLE = Automatic;
				DEVELOPMENT_TEAM = F5C7EM458Y;
				INFOPLIST_FILE = PoetAssistantTodayExtension/Info.plist;
				IPHONEOS_DEPLOYMENT_TARGET = 11.0;
				LD_RUNPATH_SEARCH_PATHS = (
					"$(inherited)",
					"@executable_path/Frameworks",
					"@executable_path/../../Frameworks",
				);
				PRODUCT_BUNDLE_IDENTIFIER = ca.rmen.ios.poetassistant.todayextension;
				PRODUCT_NAME = "$(TARGET_NAME)";
				SKIP_INSTALL = YES;
				SWIFT_VERSION = 4.2;
				TARGETED_DEVICE_FAMILY = "1,2";
			};
			name = Debug;
		};
		4F2CE83C21AADA8900EB2AF3 /* Release */ = {
			isa = XCBuildConfiguration;
			buildSettings = {
				CODE_SIGN_ENTITLEMENTS = PoetAssistantTodayExtension/PoetAssistantTodayExtension.entitlements;
				CODE_SIGN_IDENTITY = "iPhone Developer";
				CODE_SIGN_STYLE = Automatic;
				DEVELOPMENT_TEAM = F5C7EM458Y;
				INFOPLIST_FILE = PoetAssistantTodayExtension/Info.plist;
				IPHONEOS_DEPLOYMENT_TARGET = 11.0;
				LD_RUNPATH_SEARCH_PATHS = (
					"$(inherited)",
					"@executable_path/Frameworks",
					"@executable_path/../../Frameworks",
				);
				PRODUCT_BUNDLE_IDENTIFIER = ca.rmen.ios.poetassistant.todayextension;
				PRODUCT_NAME = "$(TARGET_NAME)";
				SKIP_INSTALL = YES;
				SWIFT_VERSION = 4.2;
				TARGETED_DEVICE_FAMILY = "1,2";
			};
			name = Release;
		};
		4F3197602167E4A800135FF4 /* Debug */ = {
			isa = XCBuildConfiguration;
			buildSettings = {
				BUNDLE_LOADER = "$(TEST_HOST)";
				CODE_SIGN_STYLE = Automatic;
				DEVELOPMENT_TEAM = F5C7EM458Y;
				INFOPLIST_FILE = PoetAssistantTests/Info.plist;
				LD_RUNPATH_SEARCH_PATHS = (
					"$(inherited)",
					"@executable_path/Frameworks",
					"@loader_path/Frameworks",
				);
				PRODUCT_BUNDLE_IDENTIFIER = ca.rmen.PoetAssistantTests;
				PRODUCT_NAME = "$(TARGET_NAME)";
				SWIFT_VERSION = 4.2;
				TARGETED_DEVICE_FAMILY = "1,2";
				TEST_HOST = "$(BUILT_PRODUCTS_DIR)/PoetAssistant.app/PoetAssistant";
			};
			name = Debug;
		};
		4F3197612167E4A800135FF4 /* Release */ = {
			isa = XCBuildConfiguration;
			buildSettings = {
				BUNDLE_LOADER = "$(TEST_HOST)";
				CODE_SIGN_STYLE = Automatic;
				DEVELOPMENT_TEAM = F5C7EM458Y;
				INFOPLIST_FILE = PoetAssistantTests/Info.plist;
				LD_RUNPATH_SEARCH_PATHS = (
					"$(inherited)",
					"@executable_path/Frameworks",
					"@loader_path/Frameworks",
				);
				PRODUCT_BUNDLE_IDENTIFIER = ca.rmen.PoetAssistantTests;
				PRODUCT_NAME = "$(TARGET_NAME)";
				SWIFT_VERSION = 4.2;
				TARGETED_DEVICE_FAMILY = "1,2";
				TEST_HOST = "$(BUILT_PRODUCTS_DIR)/PoetAssistant.app/PoetAssistant";
			};
			name = Release;
		};
		4F6613E42164D10800FA10A1 /* Debug */ = {
			isa = XCBuildConfiguration;
			buildSettings = {
				ALWAYS_SEARCH_USER_PATHS = NO;
				CLANG_ANALYZER_NONNULL = YES;
				CLANG_ANALYZER_NUMBER_OBJECT_CONVERSION = YES_AGGRESSIVE;
				CLANG_CXX_LANGUAGE_STANDARD = "gnu++14";
				CLANG_CXX_LIBRARY = "libc++";
				CLANG_ENABLE_MODULES = YES;
				CLANG_ENABLE_OBJC_ARC = YES;
				CLANG_ENABLE_OBJC_WEAK = YES;
				CLANG_WARN_BLOCK_CAPTURE_AUTORELEASING = YES;
				CLANG_WARN_BOOL_CONVERSION = YES;
				CLANG_WARN_COMMA = YES;
				CLANG_WARN_CONSTANT_CONVERSION = YES;
				CLANG_WARN_DEPRECATED_OBJC_IMPLEMENTATIONS = YES;
				CLANG_WARN_DIRECT_OBJC_ISA_USAGE = YES_ERROR;
				CLANG_WARN_DOCUMENTATION_COMMENTS = YES;
				CLANG_WARN_EMPTY_BODY = YES;
				CLANG_WARN_ENUM_CONVERSION = YES;
				CLANG_WARN_INFINITE_RECURSION = YES;
				CLANG_WARN_INT_CONVERSION = YES;
				CLANG_WARN_NON_LITERAL_NULL_CONVERSION = YES;
				CLANG_WARN_OBJC_IMPLICIT_RETAIN_SELF = YES;
				CLANG_WARN_OBJC_LITERAL_CONVERSION = YES;
				CLANG_WARN_OBJC_ROOT_CLASS = YES_ERROR;
				CLANG_WARN_RANGE_LOOP_ANALYSIS = YES;
				CLANG_WARN_STRICT_PROTOTYPES = YES;
				CLANG_WARN_SUSPICIOUS_MOVE = YES;
				CLANG_WARN_UNGUARDED_AVAILABILITY = YES_AGGRESSIVE;
				CLANG_WARN_UNREACHABLE_CODE = YES;
				CLANG_WARN__DUPLICATE_METHOD_MATCH = YES;
				CODE_SIGN_IDENTITY = "iPhone Developer";
				COPY_PHASE_STRIP = NO;
				DEBUG_INFORMATION_FORMAT = dwarf;
				ENABLE_STRICT_OBJC_MSGSEND = YES;
				ENABLE_TESTABILITY = YES;
				GCC_C_LANGUAGE_STANDARD = gnu11;
				GCC_DYNAMIC_NO_PIC = NO;
				GCC_NO_COMMON_BLOCKS = YES;
				GCC_OPTIMIZATION_LEVEL = 0;
				GCC_PREPROCESSOR_DEFINITIONS = (
					"DEBUG=1",
					"$(inherited)",
				);
				GCC_WARN_64_TO_32_BIT_CONVERSION = YES;
				GCC_WARN_ABOUT_RETURN_TYPE = YES_ERROR;
				GCC_WARN_UNDECLARED_SELECTOR = YES;
				GCC_WARN_UNINITIALIZED_AUTOS = YES_AGGRESSIVE;
				GCC_WARN_UNUSED_FUNCTION = YES;
				GCC_WARN_UNUSED_VARIABLE = YES;
				IPHONEOS_DEPLOYMENT_TARGET = 11.0;
				MTL_ENABLE_DEBUG_INFO = INCLUDE_SOURCE;
				MTL_FAST_MATH = YES;
				ONLY_ACTIVE_ARCH = YES;
				SDKROOT = iphoneos;
				SWIFT_ACTIVE_COMPILATION_CONDITIONS = DEBUG;
				SWIFT_OPTIMIZATION_LEVEL = "-Onone";
			};
			name = Debug;
		};
		4F6613E52164D10800FA10A1 /* Release */ = {
			isa = XCBuildConfiguration;
			buildSettings = {
				ALWAYS_SEARCH_USER_PATHS = NO;
				CLANG_ANALYZER_NONNULL = YES;
				CLANG_ANALYZER_NUMBER_OBJECT_CONVERSION = YES_AGGRESSIVE;
				CLANG_CXX_LANGUAGE_STANDARD = "gnu++14";
				CLANG_CXX_LIBRARY = "libc++";
				CLANG_ENABLE_MODULES = YES;
				CLANG_ENABLE_OBJC_ARC = YES;
				CLANG_ENABLE_OBJC_WEAK = YES;
				CLANG_WARN_BLOCK_CAPTURE_AUTORELEASING = YES;
				CLANG_WARN_BOOL_CONVERSION = YES;
				CLANG_WARN_COMMA = YES;
				CLANG_WARN_CONSTANT_CONVERSION = YES;
				CLANG_WARN_DEPRECATED_OBJC_IMPLEMENTATIONS = YES;
				CLANG_WARN_DIRECT_OBJC_ISA_USAGE = YES_ERROR;
				CLANG_WARN_DOCUMENTATION_COMMENTS = YES;
				CLANG_WARN_EMPTY_BODY = YES;
				CLANG_WARN_ENUM_CONVERSION = YES;
				CLANG_WARN_INFINITE_RECURSION = YES;
				CLANG_WARN_INT_CONVERSION = YES;
				CLANG_WARN_NON_LITERAL_NULL_CONVERSION = YES;
				CLANG_WARN_OBJC_IMPLICIT_RETAIN_SELF = YES;
				CLANG_WARN_OBJC_LITERAL_CONVERSION = YES;
				CLANG_WARN_OBJC_ROOT_CLASS = YES_ERROR;
				CLANG_WARN_RANGE_LOOP_ANALYSIS = YES;
				CLANG_WARN_STRICT_PROTOTYPES = YES;
				CLANG_WARN_SUSPICIOUS_MOVE = YES;
				CLANG_WARN_UNGUARDED_AVAILABILITY = YES_AGGRESSIVE;
				CLANG_WARN_UNREACHABLE_CODE = YES;
				CLANG_WARN__DUPLICATE_METHOD_MATCH = YES;
				CODE_SIGN_IDENTITY = "iPhone Developer";
				COPY_PHASE_STRIP = NO;
				DEBUG_INFORMATION_FORMAT = "dwarf-with-dsym";
				ENABLE_NS_ASSERTIONS = NO;
				ENABLE_STRICT_OBJC_MSGSEND = YES;
				GCC_C_LANGUAGE_STANDARD = gnu11;
				GCC_NO_COMMON_BLOCKS = YES;
				GCC_WARN_64_TO_32_BIT_CONVERSION = YES;
				GCC_WARN_ABOUT_RETURN_TYPE = YES_ERROR;
				GCC_WARN_UNDECLARED_SELECTOR = YES;
				GCC_WARN_UNINITIALIZED_AUTOS = YES_AGGRESSIVE;
				GCC_WARN_UNUSED_FUNCTION = YES;
				GCC_WARN_UNUSED_VARIABLE = YES;
				IPHONEOS_DEPLOYMENT_TARGET = 11.0;
				MTL_ENABLE_DEBUG_INFO = NO;
				MTL_FAST_MATH = YES;
				SDKROOT = iphoneos;
				SWIFT_COMPILATION_MODE = wholemodule;
				SWIFT_OPTIMIZATION_LEVEL = "-O";
				VALIDATE_PRODUCT = YES;
			};
			name = Release;
		};
		4F6613E72164D10800FA10A1 /* Debug */ = {
			isa = XCBuildConfiguration;
			buildSettings = {
				ALWAYS_EMBED_SWIFT_STANDARD_LIBRARIES = YES;
				ASSETCATALOG_COMPILER_APPICON_NAME = AppIcon;
				CODE_SIGN_ENTITLEMENTS = PoetAssistant/PoetAssistant.entitlements;
				CODE_SIGN_IDENTITY = "iPhone Developer";
				CODE_SIGN_STYLE = Automatic;
				DEVELOPMENT_TEAM = F5C7EM458Y;
				INFOPLIST_FILE = PoetAssistant/Info.plist;
				LD_RUNPATH_SEARCH_PATHS = (
					"$(inherited)",
					"@executable_path/Frameworks",
				);
				PRODUCT_BUNDLE_IDENTIFIER = ca.rmen.ios.poetassistant;
				PRODUCT_NAME = "$(TARGET_NAME)";
				PROVISIONING_PROFILE_SPECIFIER = "";
				SWIFT_VERSION = 4.2;
				TARGETED_DEVICE_FAMILY = "1,2";
			};
			name = Debug;
		};
		4F6613E82164D10800FA10A1 /* Release */ = {
			isa = XCBuildConfiguration;
			buildSettings = {
				ALWAYS_EMBED_SWIFT_STANDARD_LIBRARIES = YES;
				ASSETCATALOG_COMPILER_APPICON_NAME = AppIcon;
				CODE_SIGN_ENTITLEMENTS = PoetAssistant/PoetAssistant.entitlements;
				CODE_SIGN_IDENTITY = "iPhone Developer";
				CODE_SIGN_STYLE = Automatic;
				DEVELOPMENT_TEAM = F5C7EM458Y;
				INFOPLIST_FILE = PoetAssistant/Info.plist;
				LD_RUNPATH_SEARCH_PATHS = (
					"$(inherited)",
					"@executable_path/Frameworks",
				);
				PRODUCT_BUNDLE_IDENTIFIER = ca.rmen.ios.poetassistant;
				PRODUCT_NAME = "$(TARGET_NAME)";
				PROVISIONING_PROFILE_SPECIFIER = "";
				SWIFT_VERSION = 4.2;
				TARGETED_DEVICE_FAMILY = "1,2";
			};
			name = Release;
		};
		4FEB03D52179047200CF8B49 /* Debug */ = {
			isa = XCBuildConfiguration;
			buildSettings = {
				CODE_SIGN_STYLE = Automatic;
				DEVELOPMENT_TEAM = F5C7EM458Y;
				INFOPLIST_FILE = PoetAssistantUITests/Info.plist;
				IPHONEOS_DEPLOYMENT_TARGET = 12.0;
				LD_RUNPATH_SEARCH_PATHS = (
					"$(inherited)",
					"@executable_path/Frameworks",
					"@loader_path/Frameworks",
				);
				PRODUCT_BUNDLE_IDENTIFIER = ca.rmen.PoetAssistantUITests;
				PRODUCT_NAME = "$(TARGET_NAME)";
				SWIFT_VERSION = 4.2;
				TARGETED_DEVICE_FAMILY = "1,2";
				TEST_TARGET_NAME = PoetAssistant;
			};
			name = Debug;
		};
		4FEB03D62179047200CF8B49 /* Release */ = {
			isa = XCBuildConfiguration;
			buildSettings = {
				CODE_SIGN_STYLE = Automatic;
				DEVELOPMENT_TEAM = F5C7EM458Y;
				INFOPLIST_FILE = PoetAssistantUITests/Info.plist;
				IPHONEOS_DEPLOYMENT_TARGET = 12.0;
				LD_RUNPATH_SEARCH_PATHS = (
					"$(inherited)",
					"@executable_path/Frameworks",
					"@loader_path/Frameworks",
				);
				PRODUCT_BUNDLE_IDENTIFIER = ca.rmen.PoetAssistantUITests;
				PRODUCT_NAME = "$(TARGET_NAME)";
				SWIFT_VERSION = 4.2;
				TARGETED_DEVICE_FAMILY = "1,2";
				TEST_TARGET_NAME = PoetAssistant;
			};
			name = Release;
		};
/* End XCBuildConfiguration section */

/* Begin XCConfigurationList section */
		4F2CE80A21AA980400EB2AF3 /* Build configuration list for PBXNativeTarget "PoetAssistantLexiconsFramework" */ = {
			isa = XCConfigurationList;
			buildConfigurations = (
				4F2CE80B21AA980400EB2AF3 /* Debug */,
				4F2CE80C21AA980400EB2AF3 /* Release */,
			);
			defaultConfigurationIsVisible = 0;
			defaultConfigurationName = Release;
		};
		4F2CE83A21AADA8900EB2AF3 /* Build configuration list for PBXNativeTarget "PoetAssistantTodayExtension" */ = {
			isa = XCConfigurationList;
			buildConfigurations = (
				4F2CE83B21AADA8900EB2AF3 /* Debug */,
				4F2CE83C21AADA8900EB2AF3 /* Release */,
			);
			defaultConfigurationIsVisible = 0;
			defaultConfigurationName = Release;
		};
		4F31975F2167E4A800135FF4 /* Build configuration list for PBXNativeTarget "PoetAssistantTests" */ = {
			isa = XCConfigurationList;
			buildConfigurations = (
				4F3197602167E4A800135FF4 /* Debug */,
				4F3197612167E4A800135FF4 /* Release */,
			);
			defaultConfigurationIsVisible = 0;
			defaultConfigurationName = Release;
		};
		4F6613CD2164D10700FA10A1 /* Build configuration list for PBXProject "PoetAssistant" */ = {
			isa = XCConfigurationList;
			buildConfigurations = (
				4F6613E42164D10800FA10A1 /* Debug */,
				4F6613E52164D10800FA10A1 /* Release */,
			);
			defaultConfigurationIsVisible = 0;
			defaultConfigurationName = Release;
		};
		4F6613E62164D10800FA10A1 /* Build configuration list for PBXNativeTarget "PoetAssistant" */ = {
			isa = XCConfigurationList;
			buildConfigurations = (
				4F6613E72164D10800FA10A1 /* Debug */,
				4F6613E82164D10800FA10A1 /* Release */,
			);
			defaultConfigurationIsVisible = 0;
			defaultConfigurationName = Release;
		};
		4FEB03D72179047200CF8B49 /* Build configuration list for PBXNativeTarget "PoetAssistantUITests" */ = {
			isa = XCConfigurationList;
			buildConfigurations = (
				4FEB03D52179047200CF8B49 /* Debug */,
				4FEB03D62179047200CF8B49 /* Release */,
			);
			defaultConfigurationIsVisible = 0;
			defaultConfigurationName = Release;
		};
/* End XCConfigurationList section */

/* Begin XCVersionGroup section */
		4F6613FA2165295400FA10A1 /* dictionaries.xcdatamodeld */ = {
			isa = XCVersionGroup;
			children = (
				4F6613FB2165295400FA10A1 /* dictionaries.xcdatamodel */,
			);
			currentVersion = 4F6613FB2165295400FA10A1 /* dictionaries.xcdatamodel */;
			path = dictionaries.xcdatamodeld;
			sourceTree = "<group>";
			versionGroupType = wrapper.xcdatamodel;
		};
		4FFBA612216AB88100AD3AD6 /* userdata.xcdatamodeld */ = {
			isa = XCVersionGroup;
			children = (
				4F1C93C8218BA0FA00469CD5 /* userdata 2.xcdatamodel */,
				4FFBA613216AB88100AD3AD6 /* userdata.xcdatamodel */,
			);
			currentVersion = 4F1C93C8218BA0FA00469CD5 /* userdata 2.xcdatamodel */;
			path = userdata.xcdatamodeld;
			sourceTree = "<group>";
			versionGroupType = wrapper.xcdatamodel;
		};
/* End XCVersionGroup section */
	};
	rootObject = 4F6613CA2164D10700FA10A1 /* Project object */;
}
