// !$*UTF8*$!
{
	archiveVersion = 1;
	classes = {
	};
	objectVersion = 50;
	objects = {

/* Begin PBXBuildFile section */
		4F31972B2166587100135FF4 /* Tab.swift in Sources */ = {isa = PBXBuildFile; fileRef = 4F31972A2166587100135FF4 /* Tab.swift */; };
		4F31972F21666FCF00135FF4 /* Settings.swift in Sources */ = {isa = PBXBuildFile; fileRef = 4F31972E21666FCF00135FF4 /* Settings.swift */; };
		4F3197332166900F00135FF4 /* Notification+Name.swift in Sources */ = {isa = PBXBuildFile; fileRef = 4F3197322166900F00135FF4 /* Notification+Name.swift */; };
		4F3197372166A4A500135FF4 /* SearchResultsController.swift in Sources */ = {isa = PBXBuildFile; fileRef = 4F3197362166A4A500135FF4 /* SearchResultsController.swift */; };
		4F31973B2166C28700135FF4 /* WordVariants.swift in Sources */ = {isa = PBXBuildFile; fileRef = 4F31973A2166C28700135FF4 /* WordVariants.swift */; };
		4F31973D2166C79600135FF4 /* CombinedFetchedResultsController.swift in Sources */ = {isa = PBXBuildFile; fileRef = 4F31973C2166C79600135FF4 /* CombinedFetchedResultsController.swift */; };
		4F3197402166D67000135FF4 /* RhymerTableViewCell.swift in Sources */ = {isa = PBXBuildFile; fileRef = 4F31973F2166D67000135FF4 /* RhymerTableViewCell.swift */; };
		4F6613D62164D10700FA10A1 /* AppDelegate.swift in Sources */ = {isa = PBXBuildFile; fileRef = 4F6613D52164D10700FA10A1 /* AppDelegate.swift */; };
		4F6613D82164D10700FA10A1 /* RhymerViewController.swift in Sources */ = {isa = PBXBuildFile; fileRef = 4F6613D72164D10700FA10A1 /* RhymerViewController.swift */; };
		4F6613DA2164D10700FA10A1 /* ThesaurusViewController.swift in Sources */ = {isa = PBXBuildFile; fileRef = 4F6613D92164D10700FA10A1 /* ThesaurusViewController.swift */; };
		4F6613DD2164D10700FA10A1 /* Main.storyboard in Resources */ = {isa = PBXBuildFile; fileRef = 4F6613DB2164D10700FA10A1 /* Main.storyboard */; };
		4F6613DF2164D10800FA10A1 /* Assets.xcassets in Resources */ = {isa = PBXBuildFile; fileRef = 4F6613DE2164D10800FA10A1 /* Assets.xcassets */; };
		4F6613E22164D10800FA10A1 /* LaunchScreen.storyboard in Resources */ = {isa = PBXBuildFile; fileRef = 4F6613E02164D10800FA10A1 /* LaunchScreen.storyboard */; };
		4F6613F02164FC2E00FA10A1 /* ComposerViewController.swift in Sources */ = {isa = PBXBuildFile; fileRef = 4F6613EF2164FC2E00FA10A1 /* ComposerViewController.swift */; };
		4F6613F5216506B500FA10A1 /* PoemDocument.swift in Sources */ = {isa = PBXBuildFile; fileRef = 4F6613F4216506B500FA10A1 /* PoemDocument.swift */; };
		4F6613F721650F6600FA10A1 /* Poem.swift in Sources */ = {isa = PBXBuildFile; fileRef = 4F6613F621650F6600FA10A1 /* Poem.swift */; };
		4F6613F92165241D00FA10A1 /* TabBarController.swift in Sources */ = {isa = PBXBuildFile; fileRef = 4F6613F82165241D00FA10A1 /* TabBarController.swift */; };
		4F6613FC2165295400FA10A1 /* dictionaries.xcdatamodeld in Sources */ = {isa = PBXBuildFile; fileRef = 4F6613FA2165295400FA10A1 /* dictionaries.xcdatamodeld */; };
		4F66140121652F6C00FA10A1 /* EmbeddedDb.swift in Sources */ = {isa = PBXBuildFile; fileRef = 4F66140021652F6C00FA10A1 /* EmbeddedDb.swift */; };
		4F661404216531C800FA10A1 /* DictionaryViewController.swift in Sources */ = {isa = PBXBuildFile; fileRef = 4F661403216531C800FA10A1 /* DictionaryViewController.swift */; };
		4F661407216533CB00FA10A1 /* SearchController.swift in Sources */ = {isa = PBXBuildFile; fileRef = 4F661406216533CB00FA10A1 /* SearchController.swift */; };
		4F6614092165345200FA10A1 /* Dictionary.swift in Sources */ = {isa = PBXBuildFile; fileRef = 4F6614082165345200FA10A1 /* Dictionary.swift */; };
		4F66141121654FC200FA10A1 /* DictionaryTableViewCell.swift in Sources */ = {isa = PBXBuildFile; fileRef = 4F66141021654FC200FA10A1 /* DictionaryTableViewCell.swift */; };
		4F661412216556D600FA10A1 /* dictionaries.sqlite in Resources */ = {isa = PBXBuildFile; fileRef = 4F6613FD21652F2200FA10A1 /* dictionaries.sqlite */; };
		4F661415216627EB00FA10A1 /* UILabel+fontstyle.swift in Sources */ = {isa = PBXBuildFile; fileRef = 4F661414216627EB00FA10A1 /* UILabel+fontstyle.swift */; };
		4F66141B2166501A00FA10A1 /* en.lproj in Resources */ = {isa = PBXBuildFile; fileRef = 4F66141A2166501A00FA10A1 /* en.lproj */; };
/* End PBXBuildFile section */

/* Begin PBXFileReference section */
		4F31972A2166587100135FF4 /* Tab.swift */ = {isa = PBXFileReference; lastKnownFileType = sourcecode.swift; path = Tab.swift; sourceTree = "<group>"; };
		4F31972E21666FCF00135FF4 /* Settings.swift */ = {isa = PBXFileReference; lastKnownFileType = sourcecode.swift; path = Settings.swift; sourceTree = "<group>"; };
		4F3197322166900F00135FF4 /* Notification+Name.swift */ = {isa = PBXFileReference; lastKnownFileType = sourcecode.swift; path = "Notification+Name.swift"; sourceTree = "<group>"; };
		4F3197362166A4A500135FF4 /* SearchResultsController.swift */ = {isa = PBXFileReference; lastKnownFileType = sourcecode.swift; path = SearchResultsController.swift; sourceTree = "<group>"; };
		4F31973A2166C28700135FF4 /* WordVariants.swift */ = {isa = PBXFileReference; lastKnownFileType = sourcecode.swift; path = WordVariants.swift; sourceTree = "<group>"; };
		4F31973C2166C79600135FF4 /* CombinedFetchedResultsController.swift */ = {isa = PBXFileReference; lastKnownFileType = sourcecode.swift; path = CombinedFetchedResultsController.swift; sourceTree = "<group>"; };
		4F31973F2166D67000135FF4 /* RhymerTableViewCell.swift */ = {isa = PBXFileReference; lastKnownFileType = sourcecode.swift; path = RhymerTableViewCell.swift; sourceTree = "<group>"; };
		4F6613D22164D10700FA10A1 /* PoetAssistant.app */ = {isa = PBXFileReference; explicitFileType = wrapper.application; includeInIndex = 0; path = PoetAssistant.app; sourceTree = BUILT_PRODUCTS_DIR; };
		4F6613D52164D10700FA10A1 /* AppDelegate.swift */ = {isa = PBXFileReference; lastKnownFileType = sourcecode.swift; path = AppDelegate.swift; sourceTree = "<group>"; };
		4F6613D72164D10700FA10A1 /* RhymerViewController.swift */ = {isa = PBXFileReference; lastKnownFileType = sourcecode.swift; path = RhymerViewController.swift; sourceTree = "<group>"; };
		4F6613D92164D10700FA10A1 /* ThesaurusViewController.swift */ = {isa = PBXFileReference; lastKnownFileType = sourcecode.swift; path = ThesaurusViewController.swift; sourceTree = "<group>"; };
		4F6613DC2164D10700FA10A1 /* Base */ = {isa = PBXFileReference; lastKnownFileType = file.storyboard; name = Base; path = Base.lproj/Main.storyboard; sourceTree = "<group>"; };
		4F6613DE2164D10800FA10A1 /* Assets.xcassets */ = {isa = PBXFileReference; lastKnownFileType = folder.assetcatalog; path = Assets.xcassets; sourceTree = "<group>"; };
		4F6613E12164D10800FA10A1 /* Base */ = {isa = PBXFileReference; lastKnownFileType = file.storyboard; name = Base; path = Base.lproj/LaunchScreen.storyboard; sourceTree = "<group>"; };
		4F6613E32164D10800FA10A1 /* Info.plist */ = {isa = PBXFileReference; lastKnownFileType = text.plist.xml; path = Info.plist; sourceTree = "<group>"; };
		4F6613EA2164D21200FA10A1 /* en */ = {isa = PBXFileReference; lastKnownFileType = text.plist.strings; name = en; path = en.lproj/Main.strings; sourceTree = "<group>"; };
		4F6613EF2164FC2E00FA10A1 /* ComposerViewController.swift */ = {isa = PBXFileReference; fileEncoding = 4; lastKnownFileType = sourcecode.swift; path = ComposerViewController.swift; sourceTree = "<group>"; };
		4F6613F4216506B500FA10A1 /* PoemDocument.swift */ = {isa = PBXFileReference; lastKnownFileType = sourcecode.swift; path = PoemDocument.swift; sourceTree = "<group>"; };
		4F6613F621650F6600FA10A1 /* Poem.swift */ = {isa = PBXFileReference; lastKnownFileType = sourcecode.swift; path = Poem.swift; sourceTree = "<group>"; };
		4F6613F82165241D00FA10A1 /* TabBarController.swift */ = {isa = PBXFileReference; lastKnownFileType = sourcecode.swift; path = TabBarController.swift; sourceTree = "<group>"; };
		4F6613FB2165295400FA10A1 /* dictionaries.xcdatamodel */ = {isa = PBXFileReference; lastKnownFileType = wrapper.xcdatamodel; path = dictionaries.xcdatamodel; sourceTree = "<group>"; };
		4F6613FE21652F2200FA10A1 /* Base */ = {isa = PBXFileReference; lastKnownFileType = file; name = Base; path = Base.lproj/dictionaries.sqlite; sourceTree = "<group>"; };
		4F66140021652F6C00FA10A1 /* EmbeddedDb.swift */ = {isa = PBXFileReference; lastKnownFileType = sourcecode.swift; path = EmbeddedDb.swift; sourceTree = "<group>"; };
		4F661403216531C800FA10A1 /* DictionaryViewController.swift */ = {isa = PBXFileReference; lastKnownFileType = sourcecode.swift; path = DictionaryViewController.swift; sourceTree = "<group>"; };
		4F661406216533CB00FA10A1 /* SearchController.swift */ = {isa = PBXFileReference; lastKnownFileType = sourcecode.swift; path = SearchController.swift; sourceTree = "<group>"; };
		4F6614082165345200FA10A1 /* Dictionary.swift */ = {isa = PBXFileReference; lastKnownFileType = sourcecode.swift; path = Dictionary.swift; sourceTree = "<group>"; };
		4F66141021654FC200FA10A1 /* DictionaryTableViewCell.swift */ = {isa = PBXFileReference; lastKnownFileType = sourcecode.swift; path = DictionaryTableViewCell.swift; sourceTree = "<group>"; };
		4F661414216627EB00FA10A1 /* UILabel+fontstyle.swift */ = {isa = PBXFileReference; lastKnownFileType = sourcecode.swift; path = "UILabel+fontstyle.swift"; sourceTree = "<group>"; };
		4F66141A2166501A00FA10A1 /* en.lproj */ = {isa = PBXFileReference; lastKnownFileType = folder; path = en.lproj; sourceTree = "<group>"; };
/* End PBXFileReference section */

/* Begin PBXFrameworksBuildPhase section */
		4F6613CF2164D10700FA10A1 /* Frameworks */ = {
			isa = PBXFrameworksBuildPhase;
			buildActionMask = 2147483647;
			files = (
			);
			runOnlyForDeploymentPostprocessing = 0;
		};
/* End PBXFrameworksBuildPhase section */

/* Begin PBXGroup section */
		4F3197382166C0E100135FF4 /* model */ = {
			isa = PBXGroup;
			children = (
				4F31973A2166C28700135FF4 /* WordVariants.swift */,
			);
			path = model;
			sourceTree = "<group>";
		};
		4F3197392166C0EF00135FF4 /* controller */ = {
			isa = PBXGroup;
			children = (
				4F6613D72164D10700FA10A1 /* RhymerViewController.swift */,
			);
			path = controller;
			sourceTree = "<group>";
		};
		4F31973E2166D64D00135FF4 /* view */ = {
			isa = PBXGroup;
			children = (
				4F31973F2166D67000135FF4 /* RhymerTableViewCell.swift */,
			);
			path = view;
			sourceTree = "<group>";
		};
		4F6613C92164D10700FA10A1 = {
			isa = PBXGroup;
			children = (
				4F6613D42164D10700FA10A1 /* PoetAssistant */,
				4F6613D32164D10700FA10A1 /* Products */,
			);
			sourceTree = "<group>";
		};
		4F6613D32164D10700FA10A1 /* Products */ = {
			isa = PBXGroup;
			children = (
				4F6613D22164D10700FA10A1 /* PoetAssistant.app */,
			);
			name = Products;
			sourceTree = "<group>";
		};
		4F6613D42164D10700FA10A1 /* PoetAssistant */ = {
			isa = PBXGroup;
			children = (
				4F66141A2166501A00FA10A1 /* en.lproj */,
				4F6613FD21652F2200FA10A1 /* dictionaries.sqlite */,
				4F6613EE2164FBEE00FA10A1 /* src */,
				4F6613DE2164D10800FA10A1 /* Assets.xcassets */,
				4F6613DB2164D10700FA10A1 /* Main.storyboard */,
				4F6613E02164D10800FA10A1 /* LaunchScreen.storyboard */,
				4F6613E32164D10800FA10A1 /* Info.plist */,
			);
			path = PoetAssistant;
			sourceTree = "<group>";
		};
		4F6613EE2164FBEE00FA10A1 /* src */ = {
			isa = PBXGroup;
			children = (
				4F661413216627BF00FA10A1 /* extensions */,
				4F661405216533A600FA10A1 /* search */,
				4F6614022165318900FA10A1 /* dictionary */,
				4F6613F22164FC5800FA10A1 /* rhymer */,
				4F6613F32164FC6200FA10A1 /* thesaurus */,
				4F6613F12164FC4700FA10A1 /* composer */,
				4F6613D52164D10700FA10A1 /* AppDelegate.swift */,
				4F6613FA2165295400FA10A1 /* dictionaries.xcdatamodeld */,
				4F6613F82165241D00FA10A1 /* TabBarController.swift */,
				4F66140021652F6C00FA10A1 /* EmbeddedDb.swift */,
				4F31972A2166587100135FF4 /* Tab.swift */,
				4F31972E21666FCF00135FF4 /* Settings.swift */,
				4F3197362166A4A500135FF4 /* SearchResultsController.swift */,
				4F31973C2166C79600135FF4 /* CombinedFetchedResultsController.swift */,
			);
			path = src;
			sourceTree = "<group>";
		};
		4F6613F12164FC4700FA10A1 /* composer */ = {
			isa = PBXGroup;
			children = (
				4F6613EF2164FC2E00FA10A1 /* ComposerViewController.swift */,
				4F6613F4216506B500FA10A1 /* PoemDocument.swift */,
				4F6613F621650F6600FA10A1 /* Poem.swift */,
			);
			path = composer;
			sourceTree = "<group>";
		};
		4F6613F22164FC5800FA10A1 /* rhymer */ = {
			isa = PBXGroup;
			children = (
				4F3197382166C0E100135FF4 /* model */,
				4F31973E2166D64D00135FF4 /* view */,
				4F3197392166C0EF00135FF4 /* controller */,
			);
			path = rhymer;
			sourceTree = "<group>";
		};
		4F6613F32164FC6200FA10A1 /* thesaurus */ = {
			isa = PBXGroup;
			children = (
				4F6613D92164D10700FA10A1 /* ThesaurusViewController.swift */,
			);
			path = thesaurus;
			sourceTree = "<group>";
		};
		4F6614022165318900FA10A1 /* dictionary */ = {
			isa = PBXGroup;
			children = (
				4F66141721663D8A00FA10A1 /* model */,
				4F66141821663D9900FA10A1 /* view */,
				4F66141921663D9E00FA10A1 /* controller */,
			);
			path = dictionary;
			sourceTree = "<group>";
		};
		4F661405216533A600FA10A1 /* search */ = {
			isa = PBXGroup;
			children = (
				4F661406216533CB00FA10A1 /* SearchController.swift */,
			);
			path = search;
			sourceTree = "<group>";
		};
		4F661413216627BF00FA10A1 /* extensions */ = {
			isa = PBXGroup;
			children = (
				4F661414216627EB00FA10A1 /* UILabel+fontstyle.swift */,
				4F3197322166900F00135FF4 /* Notification+Name.swift */,
			);
			path = extensions;
			sourceTree = "<group>";
		};
		4F66141721663D8A00FA10A1 /* model */ = {
			isa = PBXGroup;
			children = (
				4F6614082165345200FA10A1 /* Dictionary.swift */,
			);
			path = model;
			sourceTree = "<group>";
		};
		4F66141821663D9900FA10A1 /* view */ = {
			isa = PBXGroup;
			children = (
				4F66141021654FC200FA10A1 /* DictionaryTableViewCell.swift */,
			);
			path = view;
			sourceTree = "<group>";
		};
		4F66141921663D9E00FA10A1 /* controller */ = {
			isa = PBXGroup;
			children = (
				4F661403216531C800FA10A1 /* DictionaryViewController.swift */,
			);
			path = controller;
			sourceTree = "<group>";
		};
/* End PBXGroup section */

/* Begin PBXNativeTarget section */
		4F6613D12164D10700FA10A1 /* PoetAssistant */ = {
			isa = PBXNativeTarget;
			buildConfigurationList = 4F6613E62164D10800FA10A1 /* Build configuration list for PBXNativeTarget "PoetAssistant" */;
			buildPhases = (
				4F6613CE2164D10700FA10A1 /* Sources */,
				4F6613CF2164D10700FA10A1 /* Frameworks */,
				4F6613D02164D10700FA10A1 /* Resources */,
			);
			buildRules = (
			);
			dependencies = (
			);
			name = PoetAssistant;
			productName = PoetAssistant;
			productReference = 4F6613D22164D10700FA10A1 /* PoetAssistant.app */;
			productType = "com.apple.product-type.application";
		};
/* End PBXNativeTarget section */

/* Begin PBXProject section */
		4F6613CA2164D10700FA10A1 /* Project object */ = {
			isa = PBXProject;
			attributes = {
				LastSwiftUpdateCheck = 1000;
				LastUpgradeCheck = 1000;
				ORGANIZATIONNAME = "Carmen Alvarez";
				TargetAttributes = {
					4F6613D12164D10700FA10A1 = {
						CreatedOnToolsVersion = 10.0;
					};
				};
			};
			buildConfigurationList = 4F6613CD2164D10700FA10A1 /* Build configuration list for PBXProject "PoetAssistant" */;
			compatibilityVersion = "Xcode 9.3";
			developmentRegion = en;
			hasScannedForEncodings = 0;
			knownRegions = (
				en,
				Base,
			);
			mainGroup = 4F6613C92164D10700FA10A1;
			productRefGroup = 4F6613D32164D10700FA10A1 /* Products */;
			projectDirPath = "";
			projectRoot = "";
			targets = (
				4F6613D12164D10700FA10A1 /* PoetAssistant */,
			);
		};
/* End PBXProject section */

/* Begin PBXResourcesBuildPhase section */
		4F6613D02164D10700FA10A1 /* Resources */ = {
			isa = PBXResourcesBuildPhase;
			buildActionMask = 2147483647;
			files = (
				4F6613E22164D10800FA10A1 /* LaunchScreen.storyboard in Resources */,
				4F6613DF2164D10800FA10A1 /* Assets.xcassets in Resources */,
				4F661412216556D600FA10A1 /* dictionaries.sqlite in Resources */,
				4F66141B2166501A00FA10A1 /* en.lproj in Resources */,
				4F6613DD2164D10700FA10A1 /* Main.storyboard in Resources */,
			);
			runOnlyForDeploymentPostprocessing = 0;
		};
/* End PBXResourcesBuildPhase section */

/* Begin PBXSourcesBuildPhase section */
		4F6613CE2164D10700FA10A1 /* Sources */ = {
			isa = PBXSourcesBuildPhase;
			buildActionMask = 2147483647;
			files = (
				4F31973B2166C28700135FF4 /* WordVariants.swift in Sources */,
				4F3197402166D67000135FF4 /* RhymerTableViewCell.swift in Sources */,
				4F661404216531C800FA10A1 /* DictionaryViewController.swift in Sources */,
				4F6613DA2164D10700FA10A1 /* ThesaurusViewController.swift in Sources */,
				4F66141121654FC200FA10A1 /* DictionaryTableViewCell.swift in Sources */,
				4F661415216627EB00FA10A1 /* UILabel+fontstyle.swift in Sources */,
				4F6613D62164D10700FA10A1 /* AppDelegate.swift in Sources */,
				4F31972F21666FCF00135FF4 /* Settings.swift in Sources */,
				4F3197332166900F00135FF4 /* Notification+Name.swift in Sources */,
				4F3197372166A4A500135FF4 /* SearchResultsController.swift in Sources */,
				4F6613F02164FC2E00FA10A1 /* ComposerViewController.swift in Sources */,
				4F66140121652F6C00FA10A1 /* EmbeddedDb.swift in Sources */,
				4F31973D2166C79600135FF4 /* CombinedFetchedResultsController.swift in Sources */,
				4F6614092165345200FA10A1 /* Dictionary.swift in Sources */,
				4F6613F5216506B500FA10A1 /* PoemDocument.swift in Sources */,
				4F6613F92165241D00FA10A1 /* TabBarController.swift in Sources */,
				4F31972B2166587100135FF4 /* Tab.swift in Sources */,
				4F6613F721650F6600FA10A1 /* Poem.swift in Sources */,
				4F6613D82164D10700FA10A1 /* RhymerViewController.swift in Sources */,
				4F6613FC2165295400FA10A1 /* dictionaries.xcdatamodeld in Sources */,
				4F661407216533CB00FA10A1 /* SearchController.swift in Sources */,
			);
			runOnlyForDeploymentPostprocessing = 0;
		};
/* End PBXSourcesBuildPhase section */

/* Begin PBXVariantGroup section */
		4F6613DB2164D10700FA10A1 /* Main.storyboard */ = {
			isa = PBXVariantGroup;
			children = (
				4F6613DC2164D10700FA10A1 /* Base */,
				4F6613EA2164D21200FA10A1 /* en */,
			);
			name = Main.storyboard;
			sourceTree = "<group>";
		};
		4F6613E02164D10800FA10A1 /* LaunchScreen.storyboard */ = {
			isa = PBXVariantGroup;
			children = (
				4F6613E12164D10800FA10A1 /* Base */,
			);
			name = LaunchScreen.storyboard;
			sourceTree = "<group>";
		};
		4F6613FD21652F2200FA10A1 /* dictionaries.sqlite */ = {
			isa = PBXVariantGroup;
			children = (
				4F6613FE21652F2200FA10A1 /* Base */,
			);
			name = dictionaries.sqlite;
			sourceTree = "<group>";
		};
/* End PBXVariantGroup section */

/* Begin XCBuildConfiguration section */
		4F6613E42164D10800FA10A1 /* Debug */ = {
			isa = XCBuildConfiguration;
			buildSettings = {
				ALWAYS_SEARCH_USER_PATHS = NO;
				CLANG_ANALYZER_NONNULL = YES;
				CLANG_ANALYZER_NUMBER_OBJECT_CONVERSION = YES_AGGRESSIVE;
				CLANG_CXX_LANGUAGE_STANDARD = "gnu++14";
				CLANG_CXX_LIBRARY = "libc++";
				CLANG_ENABLE_MODULES = YES;
				CLANG_ENABLE_OBJC_ARC = YES;
				CLANG_ENABLE_OBJC_WEAK = YES;
				CLANG_WARN_BLOCK_CAPTURE_AUTORELEASING = YES;
				CLANG_WARN_BOOL_CONVERSION = YES;
				CLANG_WARN_COMMA = YES;
				CLANG_WARN_CONSTANT_CONVERSION = YES;
				CLANG_WARN_DEPRECATED_OBJC_IMPLEMENTATIONS = YES;
				CLANG_WARN_DIRECT_OBJC_ISA_USAGE = YES_ERROR;
				CLANG_WARN_DOCUMENTATION_COMMENTS = YES;
				CLANG_WARN_EMPTY_BODY = YES;
				CLANG_WARN_ENUM_CONVERSION = YES;
				CLANG_WARN_INFINITE_RECURSION = YES;
				CLANG_WARN_INT_CONVERSION = YES;
				CLANG_WARN_NON_LITERAL_NULL_CONVERSION = YES;
				CLANG_WARN_OBJC_IMPLICIT_RETAIN_SELF = YES;
				CLANG_WARN_OBJC_LITERAL_CONVERSION = YES;
				CLANG_WARN_OBJC_ROOT_CLASS = YES_ERROR;
				CLANG_WARN_RANGE_LOOP_ANALYSIS = YES;
				CLANG_WARN_STRICT_PROTOTYPES = YES;
				CLANG_WARN_SUSPICIOUS_MOVE = YES;
				CLANG_WARN_UNGUARDED_AVAILABILITY = YES_AGGRESSIVE;
				CLANG_WARN_UNREACHABLE_CODE = YES;
				CLANG_WARN__DUPLICATE_METHOD_MATCH = YES;
				CODE_SIGN_IDENTITY = "iPhone Developer";
				COPY_PHASE_STRIP = NO;
				DEBUG_INFORMATION_FORMAT = dwarf;
				ENABLE_STRICT_OBJC_MSGSEND = YES;
				ENABLE_TESTABILITY = YES;
				GCC_C_LANGUAGE_STANDARD = gnu11;
				GCC_DYNAMIC_NO_PIC = NO;
				GCC_NO_COMMON_BLOCKS = YES;
				GCC_OPTIMIZATION_LEVEL = 0;
				GCC_PREPROCESSOR_DEFINITIONS = (
					"DEBUG=1",
					"$(inherited)",
				);
				GCC_WARN_64_TO_32_BIT_CONVERSION = YES;
				GCC_WARN_ABOUT_RETURN_TYPE = YES_ERROR;
				GCC_WARN_UNDECLARED_SELECTOR = YES;
				GCC_WARN_UNINITIALIZED_AUTOS = YES_AGGRESSIVE;
				GCC_WARN_UNUSED_FUNCTION = YES;
				GCC_WARN_UNUSED_VARIABLE = YES;
				IPHONEOS_DEPLOYMENT_TARGET = 12.0;
				MTL_ENABLE_DEBUG_INFO = INCLUDE_SOURCE;
				MTL_FAST_MATH = YES;
				ONLY_ACTIVE_ARCH = YES;
				SDKROOT = iphoneos;
				SWIFT_ACTIVE_COMPILATION_CONDITIONS = DEBUG;
				SWIFT_OPTIMIZATION_LEVEL = "-Onone";
			};
			name = Debug;
		};
		4F6613E52164D10800FA10A1 /* Release */ = {
			isa = XCBuildConfiguration;
			buildSettings = {
				ALWAYS_SEARCH_USER_PATHS = NO;
				CLANG_ANALYZER_NONNULL = YES;
				CLANG_ANALYZER_NUMBER_OBJECT_CONVERSION = YES_AGGRESSIVE;
				CLANG_CXX_LANGUAGE_STANDARD = "gnu++14";
				CLANG_CXX_LIBRARY = "libc++";
				CLANG_ENABLE_MODULES = YES;
				CLANG_ENABLE_OBJC_ARC = YES;
				CLANG_ENABLE_OBJC_WEAK = YES;
				CLANG_WARN_BLOCK_CAPTURE_AUTORELEASING = YES;
				CLANG_WARN_BOOL_CONVERSION = YES;
				CLANG_WARN_COMMA = YES;
				CLANG_WARN_CONSTANT_CONVERSION = YES;
				CLANG_WARN_DEPRECATED_OBJC_IMPLEMENTATIONS = YES;
				CLANG_WARN_DIRECT_OBJC_ISA_USAGE = YES_ERROR;
				CLANG_WARN_DOCUMENTATION_COMMENTS = YES;
				CLANG_WARN_EMPTY_BODY = YES;
				CLANG_WARN_ENUM_CONVERSION = YES;
				CLANG_WARN_INFINITE_RECURSION = YES;
				CLANG_WARN_INT_CONVERSION = YES;
				CLANG_WARN_NON_LITERAL_NULL_CONVERSION = YES;
				CLANG_WARN_OBJC_IMPLICIT_RETAIN_SELF = YES;
				CLANG_WARN_OBJC_LITERAL_CONVERSION = YES;
				CLANG_WARN_OBJC_ROOT_CLASS = YES_ERROR;
				CLANG_WARN_RANGE_LOOP_ANALYSIS = YES;
				CLANG_WARN_STRICT_PROTOTYPES = YES;
				CLANG_WARN_SUSPICIOUS_MOVE = YES;
				CLANG_WARN_UNGUARDED_AVAILABILITY = YES_AGGRESSIVE;
				CLANG_WARN_UNREACHABLE_CODE = YES;
				CLANG_WARN__DUPLICATE_METHOD_MATCH = YES;
				CODE_SIGN_IDENTITY = "iPhone Developer";
				COPY_PHASE_STRIP = NO;
				DEBUG_INFORMATION_FORMAT = "dwarf-with-dsym";
				ENABLE_NS_ASSERTIONS = NO;
				ENABLE_STRICT_OBJC_MSGSEND = YES;
				GCC_C_LANGUAGE_STANDARD = gnu11;
				GCC_NO_COMMON_BLOCKS = YES;
				GCC_WARN_64_TO_32_BIT_CONVERSION = YES;
				GCC_WARN_ABOUT_RETURN_TYPE = YES_ERROR;
				GCC_WARN_UNDECLARED_SELECTOR = YES;
				GCC_WARN_UNINITIALIZED_AUTOS = YES_AGGRESSIVE;
				GCC_WARN_UNUSED_FUNCTION = YES;
				GCC_WARN_UNUSED_VARIABLE = YES;
				IPHONEOS_DEPLOYMENT_TARGET = 12.0;
				MTL_ENABLE_DEBUG_INFO = NO;
				MTL_FAST_MATH = YES;
				SDKROOT = iphoneos;
				SWIFT_COMPILATION_MODE = wholemodule;
				SWIFT_OPTIMIZATION_LEVEL = "-O";
				VALIDATE_PRODUCT = YES;
			};
			name = Release;
		};
		4F6613E72164D10800FA10A1 /* Debug */ = {
			isa = XCBuildConfiguration;
			buildSettings = {
				ASSETCATALOG_COMPILER_APPICON_NAME = AppIcon;
				CODE_SIGN_STYLE = Automatic;
				DEVELOPMENT_TEAM = F5C7EM458Y;
				INFOPLIST_FILE = PoetAssistant/Info.plist;
				LD_RUNPATH_SEARCH_PATHS = (
					"$(inherited)",
					"@executable_path/Frameworks",
				);
				PRODUCT_BUNDLE_IDENTIFIER = ca.rmen.myapp;
				PRODUCT_NAME = "$(TARGET_NAME)";
				SWIFT_VERSION = 4.2;
				TARGETED_DEVICE_FAMILY = "1,2";
			};
			name = Debug;
		};
		4F6613E82164D10800FA10A1 /* Release */ = {
			isa = XCBuildConfiguration;
			buildSettings = {
				ASSETCATALOG_COMPILER_APPICON_NAME = AppIcon;
				CODE_SIGN_STYLE = Automatic;
				DEVELOPMENT_TEAM = F5C7EM458Y;
				INFOPLIST_FILE = PoetAssistant/Info.plist;
				LD_RUNPATH_SEARCH_PATHS = (
					"$(inherited)",
					"@executable_path/Frameworks",
				);
				PRODUCT_BUNDLE_IDENTIFIER = ca.rmen.myapp;
				PRODUCT_NAME = "$(TARGET_NAME)";
				SWIFT_VERSION = 4.2;
				TARGETED_DEVICE_FAMILY = "1,2";
			};
			name = Release;
		};
/* End XCBuildConfiguration section */

/* Begin XCConfigurationList section */
		4F6613CD2164D10700FA10A1 /* Build configuration list for PBXProject "PoetAssistant" */ = {
			isa = XCConfigurationList;
			buildConfigurations = (
				4F6613E42164D10800FA10A1 /* Debug */,
				4F6613E52164D10800FA10A1 /* Release */,
			);
			defaultConfigurationIsVisible = 0;
			defaultConfigurationName = Release;
		};
		4F6613E62164D10800FA10A1 /* Build configuration list for PBXNativeTarget "PoetAssistant" */ = {
			isa = XCConfigurationList;
			buildConfigurations = (
				4F6613E72164D10800FA10A1 /* Debug */,
				4F6613E82164D10800FA10A1 /* Release */,
			);
			defaultConfigurationIsVisible = 0;
			defaultConfigurationName = Release;
		};
/* End XCConfigurationList section */

/* Begin XCVersionGroup section */
		4F6613FA2165295400FA10A1 /* dictionaries.xcdatamodeld */ = {
			isa = XCVersionGroup;
			children = (
				4F6613FB2165295400FA10A1 /* dictionaries.xcdatamodel */,
			);
			currentVersion = 4F6613FB2165295400FA10A1 /* dictionaries.xcdatamodel */;
			path = dictionaries.xcdatamodeld;
			sourceTree = "<group>";
			versionGroupType = wrapper.xcdatamodel;
		};
/* End XCVersionGroup section */
	};
	rootObject = 4F6613CA2164D10700FA10A1 /* Project object */;
}
